// !$*UTF8*$!
{
	archiveVersion = 1;
	classes = {
	};
	objectVersion = 56;
	objects = {

/* Begin PBXBuildFile section */
		5300C47429A8DEA700706150 /* NoDataView.swift in Sources */ = {isa = PBXBuildFile; fileRef = 5300C47329A8DEA700706150 /* NoDataView.swift */; };
		5300C47629A8F51A00706150 /* DropDownButton.swift in Sources */ = {isa = PBXBuildFile; fileRef = 5300C47529A8F51A00706150 /* DropDownButton.swift */; };
		531131C029A79452006124AA /* RelatedListNetworkService.swift in Sources */ = {isa = PBXBuildFile; fileRef = 531131BF29A79452006124AA /* RelatedListNetworkService.swift */; };
		5311863F29A794B1004088DD /* RelatedList.swift in Sources */ = {isa = PBXBuildFile; fileRef = 5311863E29A794B1004088DD /* RelatedList.swift */; };
		5311864229A796AE004088DD /* DatePickerTableHeaderView.swift in Sources */ = {isa = PBXBuildFile; fileRef = 5311864129A796AE004088DD /* DatePickerTableHeaderView.swift */; };
		5311864429A796F1004088DD /* TableBookingViewController.swift in Sources */ = {isa = PBXBuildFile; fileRef = 5311864329A796F1004088DD /* TableBookingViewController.swift */; };
		5311864629A7A56D004088DD /* TableBookingViewPresenter.swift in Sources */ = {isa = PBXBuildFile; fileRef = 5311864529A7A56D004088DD /* TableBookingViewPresenter.swift */; };
		5311864829A7A66A004088DD /* BookingNetworkService.swift in Sources */ = {isa = PBXBuildFile; fileRef = 5311864729A7A66A004088DD /* BookingNetworkService.swift */; };
		5311864A29A7BBE8004088DD /* BookingController.swift in Sources */ = {isa = PBXBuildFile; fileRef = 5311864929A7BBE8004088DD /* BookingController.swift */; };
		5311864C29A884DF004088DD /* Table.swift in Sources */ = {isa = PBXBuildFile; fileRef = 5311864B29A884DF004088DD /* Table.swift */; };
		5311864F29A88796004088DD /* OrderedCollections in Frameworks */ = {isa = PBXBuildFile; productRef = 5311864E29A88796004088DD /* OrderedCollections */; };
		5311865129A8C551004088DD /* TableViewExtension.swift in Sources */ = {isa = PBXBuildFile; fileRef = 5311865029A8C551004088DD /* TableViewExtension.swift */; };
		5318F5CF29796B4900AF76DC /* WebViewController.swift in Sources */ = {isa = PBXBuildFile; fileRef = 5318F5CE29796B4900AF76DC /* WebViewController.swift */; };
		5318F5D5297A85A000AF76DC /* NetworkDataManager.swift in Sources */ = {isa = PBXBuildFile; fileRef = 5318F5D4297A85A000AF76DC /* NetworkDataManager.swift */; };
		5318F5D7297AB81E00AF76DC /* NetworkController.swift in Sources */ = {isa = PBXBuildFile; fileRef = 5318F5D6297AB81E00AF76DC /* NetworkController.swift */; };
		5318F5D9297ABE0D00AF76DC /* DatabaseController.swift in Sources */ = {isa = PBXBuildFile; fileRef = 5318F5D8297ABE0D00AF76DC /* DatabaseController.swift */; };
		531B11122980E558000FAF02 /* HomeViewController.swift in Sources */ = {isa = PBXBuildFile; fileRef = 531B11112980E558000FAF02 /* HomeViewController.swift */; };
		5340DEE12982CD8C00ED51D1 /* LoginViewController.swift in Sources */ = {isa = PBXBuildFile; fileRef = 5340DEE02982CD8C00ED51D1 /* LoginViewController.swift */; };
		5356AF0529A2886B00267943 /* DataManagerContract.swift in Sources */ = {isa = PBXBuildFile; fileRef = 5356AF0429A2886B00267943 /* DataManagerContract.swift */; };
		5356AF0729A28BBE00267943 /* ModulesDataManger.swift in Sources */ = {isa = PBXBuildFile; fileRef = 5356AF0629A28BBE00267943 /* ModulesDataManger.swift */; };
		5356AF0929A28BC900267943 /* RecordsDataManager.swift in Sources */ = {isa = PBXBuildFile; fileRef = 5356AF0829A28BC900267943 /* RecordsDataManager.swift */; };
		5356AF0B29A28BD800267943 /* UserInfoDataManager.swift in Sources */ = {isa = PBXBuildFile; fileRef = 5356AF0A29A28BD800267943 /* UserInfoDataManager.swift */; };
		5356AF0E29A32DDC00267943 /* RecordsNetworkService.swift in Sources */ = {isa = PBXBuildFile; fileRef = 5356AF0D29A32DDC00267943 /* RecordsNetworkService.swift */; };
		5356AF1029A332B800267943 /* NetworkService.swift in Sources */ = {isa = PBXBuildFile; fileRef = 5356AF0F29A332B800267943 /* NetworkService.swift */; };
		5356AF1229A3362C00267943 /* KeychainService.swift in Sources */ = {isa = PBXBuildFile; fileRef = 5356AF1129A3362C00267943 /* KeychainService.swift */; };
		5356AF1529A3382100267943 /* ModulesNetworkService.swift in Sources */ = {isa = PBXBuildFile; fileRef = 5356AF1429A3382100267943 /* ModulesNetworkService.swift */; };
		5356AF1729A3393800267943 /* UserNetworkService.swift in Sources */ = {isa = PBXBuildFile; fileRef = 5356AF1629A3393800267943 /* UserNetworkService.swift */; };
		5356AF1929A3397100267943 /* FieldsNetworkService.swift in Sources */ = {isa = PBXBuildFile; fileRef = 5356AF1829A3397100267943 /* FieldsNetworkService.swift */; };
		5356AF1B29A33A8100267943 /* FieldsController.swift in Sources */ = {isa = PBXBuildFile; fileRef = 5356AF1A29A33A8100267943 /* FieldsController.swift */; };
		5356AF1D29A33E0700267943 /* FieldsDataManager.swift in Sources */ = {isa = PBXBuildFile; fileRef = 5356AF1C29A33E0700267943 /* FieldsDataManager.swift */; };
		5356AF1F29A340D400267943 /* ModulesController.swift in Sources */ = {isa = PBXBuildFile; fileRef = 5356AF1E29A340D400267943 /* ModulesController.swift */; };
		5356AF2129A3474C00267943 /* UserDataManager.swift in Sources */ = {isa = PBXBuildFile; fileRef = 5356AF2029A3474C00267943 /* UserDataManager.swift */; };
		5356AF2329A348D500267943 /* WebViewPresenter.swift in Sources */ = {isa = PBXBuildFile; fileRef = 5356AF2229A348D500267943 /* WebViewPresenter.swift */; };
		5356AF2529A35F2000267943 /* LookupTableViewController.swift in Sources */ = {isa = PBXBuildFile; fileRef = 5356AF2429A35F2000267943 /* LookupTableViewController.swift */; };
		5356AF2929A3683600267943 /* CustomRecordField.swift in Sources */ = {isa = PBXBuildFile; fileRef = 5356AF2829A3683600267943 /* CustomRecordField.swift */; };
		5362F76429AA342300DA5F44 /* ContainerViewController.swift in Sources */ = {isa = PBXBuildFile; fileRef = 5362F76329AA342300DA5F44 /* ContainerViewController.swift */; };
		5362F76729AA342C00DA5F44 /* MenuVC.swift in Sources */ = {isa = PBXBuildFile; fileRef = 5362F76529AA342C00DA5F44 /* MenuVC.swift */; };
		5362F76829AA342C00DA5F44 /* HomeVC.swift in Sources */ = {isa = PBXBuildFile; fileRef = 5362F76629AA342C00DA5F44 /* HomeVC.swift */; };
		536AD437299E21FA00801158 /* UserDetailController.swift in Sources */ = {isa = PBXBuildFile; fileRef = 536AD436299E21FA00801158 /* UserDetailController.swift */; };
		536AD439299E3EF400801158 /* RecordsController.swift in Sources */ = {isa = PBXBuildFile; fileRef = 536AD438299E3EF400801158 /* RecordsController.swift */; };
		536AD43E299E5BB100801158 /* UseCaseContact.swift in Sources */ = {isa = PBXBuildFile; fileRef = 536AD43D299E5BB100801158 /* UseCaseContact.swift */; };
		536AD440299E600200801158 /* FormViewContract.swift in Sources */ = {isa = PBXBuildFile; fileRef = 536AD43F299E600200801158 /* FormViewContract.swift */; };
		5375155C2980436A004B00E7 /* UserDefaultsManager.swift in Sources */ = {isa = PBXBuildFile; fileRef = 5375155B2980436A004B00E7 /* UserDefaultsManager.swift */; };
		537B607E29962C3B00ACA883 /* ModulesTableViewController.swift in Sources */ = {isa = PBXBuildFile; fileRef = 537B607D29962C3B00ACA883 /* ModulesTableViewController.swift */; };
		537B608029962C7E00ACA883 /* ModuleTableViewCell.swift in Sources */ = {isa = PBXBuildFile; fileRef = 537B607F29962C7E00ACA883 /* ModuleTableViewCell.swift */; };
		537B6082299635A000ACA883 /* ModulesPresenter.swift in Sources */ = {isa = PBXBuildFile; fileRef = 537B6081299635A000ACA883 /* ModulesPresenter.swift */; };
		537B6084299637DA00ACA883 /* json.json in Resources */ = {isa = PBXBuildFile; fileRef = 537B6083299637DA00ACA883 /* json.json */; };
		537B608629963F8200ACA883 /* Module.swift in Sources */ = {isa = PBXBuildFile; fileRef = 537B608529963F8200ACA883 /* Module.swift */; };
		537B60892996694700ACA883 /* RecordsTableViewController.swift in Sources */ = {isa = PBXBuildFile; fileRef = 537B60882996694700ACA883 /* RecordsTableViewController.swift */; };
		537B608B299669FD00ACA883 /* RecordsPresenter.swift in Sources */ = {isa = PBXBuildFile; fileRef = 537B608A299669FD00ACA883 /* RecordsPresenter.swift */; };
		537B608D299674E700ACA883 /* RecordsTableViewCell.swift in Sources */ = {isa = PBXBuildFile; fileRef = 537B608C299674E700ACA883 /* RecordsTableViewCell.swift */; };
		537B608F29969BDE00ACA883 /* Record.swift in Sources */ = {isa = PBXBuildFile; fileRef = 537B608E29969BDE00ACA883 /* Record.swift */; };
		537B60932997933A00ACA883 /* UserType.swift in Sources */ = {isa = PBXBuildFile; fileRef = 537B60922997933A00ACA883 /* UserType.swift */; };
		537B609729989ADA00ACA883 /* FieldsRespone.json in Resources */ = {isa = PBXBuildFile; fileRef = 537B609629989ADA00ACA883 /* FieldsRespone.json */; };
		537B60A52998B70100ACA883 /* BooleanTableViewCell.swift in Sources */ = {isa = PBXBuildFile; fileRef = 537B60A02998B70100ACA883 /* BooleanTableViewCell.swift */; };
		537B60A62998B70100ACA883 /* IntegerTableViewCell.swift in Sources */ = {isa = PBXBuildFile; fileRef = 537B60A12998B70100ACA883 /* IntegerTableViewCell.swift */; };
		537B60A72998B70100ACA883 /* EmailTableViewCell.swift in Sources */ = {isa = PBXBuildFile; fileRef = 537B60A22998B70100ACA883 /* EmailTableViewCell.swift */; };
		537B60A82998B70100ACA883 /* StringTableViewCell.swift in Sources */ = {isa = PBXBuildFile; fileRef = 537B60A32998B70100ACA883 /* StringTableViewCell.swift */; };
		537B60A92998B70100ACA883 /* DoubleTableViewCell.swift in Sources */ = {isa = PBXBuildFile; fileRef = 537B60A42998B70100ACA883 /* DoubleTableViewCell.swift */; };
		53964859299B804000781CE4 /* RecordInfoTableViewController.swift in Sources */ = {isa = PBXBuildFile; fileRef = 53964858299B804000781CE4 /* RecordInfoTableViewController.swift */; };
		5396485C299B87A300781CE4 /* EditRecordTableViewController.swift in Sources */ = {isa = PBXBuildFile; fileRef = 5396485B299B87A300781CE4 /* EditRecordTableViewController.swift */; };
		5396485E299B9EB600781CE4 /* RecordInfoPresenter.swift in Sources */ = {isa = PBXBuildFile; fileRef = 5396485D299B9EB600781CE4 /* RecordInfoPresenter.swift */; };
		53964860299BA76100781CE4 /* IndividualDataRespone.json in Resources */ = {isa = PBXBuildFile; fileRef = 5396485F299BA76100781CE4 /* IndividualDataRespone.json */; };
		53964864299BEFB500781CE4 /* RecordInfoTableViewCell.swift in Sources */ = {isa = PBXBuildFile; fileRef = 53964863299BEFB500781CE4 /* RecordInfoTableViewCell.swift */; };
		53A696DC297C6AD80029F92E /* KeyChain.swift in Sources */ = {isa = PBXBuildFile; fileRef = 53A696DB297C6AD80029F92E /* KeyChain.swift */; };
		53A696DE297C6D310029F92E /* Network.swift in Sources */ = {isa = PBXBuildFile; fileRef = 53A696DD297C6D310029F92E /* Network.swift */; };
		53D273222977D20F001718BD /* AppDelegate.swift in Sources */ = {isa = PBXBuildFile; fileRef = 53D273212977D20F001718BD /* AppDelegate.swift */; };
		53D273242977D20F001718BD /* SceneDelegate.swift in Sources */ = {isa = PBXBuildFile; fileRef = 53D273232977D20F001718BD /* SceneDelegate.swift */; };
		53D2732B2977D211001718BD /* Assets.xcassets in Resources */ = {isa = PBXBuildFile; fileRef = 53D2732A2977D211001718BD /* Assets.xcassets */; };
		53E5B7BC29A953070079B567 /* PickerViewController.swift in Sources */ = {isa = PBXBuildFile; fileRef = 53E5B7BB29A953070079B567 /* PickerViewController.swift */; };
		53E5B7BE29A955480079B567 /* PickerViewPresenter.swift in Sources */ = {isa = PBXBuildFile; fileRef = 53E5B7BD29A955480079B567 /* PickerViewPresenter.swift */; };
		53E749FD299A7167000EE176 /* FieldRespone.json in Resources */ = {isa = PBXBuildFile; fileRef = 53E749FC299A7167000EE176 /* FieldRespone.json */; };
		53EC9A48298261430056C300 /* SplashViewController.swift in Sources */ = {isa = PBXBuildFile; fileRef = 53EC9A47298261430056C300 /* SplashViewController.swift */; };
		53EEAEF529A4A7C900403541 /* MultiSelectTableViewController.swift in Sources */ = {isa = PBXBuildFile; fileRef = 53EEAEF429A4A7C900403541 /* MultiSelectTableViewController.swift */; };
		53EEAEFA29A513F400403541 /* CustomTapRecognizer.swift in Sources */ = {isa = PBXBuildFile; fileRef = 53EEAEF929A513F400403541 /* CustomTapRecognizer.swift */; };
		53EEAEFC29A5402D00403541 /* PickListTableViewCell.swift in Sources */ = {isa = PBXBuildFile; fileRef = 53EEAEFB29A5402D00403541 /* PickListTableViewCell.swift */; };
		53EEAEFE29A5EF4F00403541 /* TextAreaTableViewCell.swift in Sources */ = {isa = PBXBuildFile; fileRef = 53EEAEFD29A5EF4F00403541 /* TextAreaTableViewCell.swift */; };
		53EF7B0129921E0C000B1FA1 /* FormTableViewCell.swift in Sources */ = {isa = PBXBuildFile; fileRef = 53EF7AFE29921E0B000B1FA1 /* FormTableViewCell.swift */; };
		53EF7B0229921E0C000B1FA1 /* FormTextField.swift in Sources */ = {isa = PBXBuildFile; fileRef = 53EF7AFF29921E0B000B1FA1 /* FormTextField.swift */; };
		53EF7B0529921E53000B1FA1 /* FormTableViewController.swift in Sources */ = {isa = PBXBuildFile; fileRef = 53EF7B0429921E53000B1FA1 /* FormTableViewController.swift */; };
		53EF7B0C299251F9000B1FA1 /* FormPresenter.swift in Sources */ = {isa = PBXBuildFile; fileRef = 53EF7B0B299251F9000B1FA1 /* FormPresenter.swift */; };
		53EF7B0F29928D0B000B1FA1 /* Field.swift in Sources */ = {isa = PBXBuildFile; fileRef = 53EF7B0E29928D0B000B1FA1 /* Field.swift */; };
		53F3BB2B299F47CC0054E08B /* Assembler.swift in Sources */ = {isa = PBXBuildFile; fileRef = 53F3BB2A299F47CC0054E08B /* Assembler.swift */; };
		53F3BB30299F55780054E08B /* Router.swift in Sources */ = {isa = PBXBuildFile; fileRef = 53F3BB2F299F55780054E08B /* Router.swift */; };
		53F3BB35299F60700054E08B /* ModuleViewContract.swift in Sources */ = {isa = PBXBuildFile; fileRef = 53F3BB34299F60700054E08B /* ModuleViewContract.swift */; };
		53F3BB37299F61BD0054E08B /* RecordsViewContract.swift in Sources */ = {isa = PBXBuildFile; fileRef = 53F3BB36299F61BD0054E08B /* RecordsViewContract.swift */; };
		53F3BB39299F622E0054E08B /* RecordInfoViewContract.swift in Sources */ = {isa = PBXBuildFile; fileRef = 53F3BB38299F622E0054E08B /* RecordInfoViewContract.swift */; };
		53F3BB3B299FC85A0054E08B /* LookupViewContract.swift in Sources */ = {isa = PBXBuildFile; fileRef = 53F3BB3A299FC85A0054E08B /* LookupViewContract.swift */; };
		53F3BB3F29A1EE420054E08B /* LoginViewPresenter.swift in Sources */ = {isa = PBXBuildFile; fileRef = 53F3BB3E29A1EE420054E08B /* LoginViewPresenter.swift */; };
		53F3BB4129A1EF0D0054E08B /* SplashViewPresenter.swift in Sources */ = {isa = PBXBuildFile; fileRef = 53F3BB4029A1EF0D0054E08B /* SplashViewPresenter.swift */; };
		53F3BB4329A1EF670054E08B /* SplashViewContract.swift in Sources */ = {isa = PBXBuildFile; fileRef = 53F3BB4229A1EF670054E08B /* SplashViewContract.swift */; };
		53F3BB4529A1F61B0054E08B /* HomeViewPresenter.swift in Sources */ = {isa = PBXBuildFile; fileRef = 53F3BB4429A1F61B0054E08B /* HomeViewPresenter.swift */; };
		53F3BB4729A1F6320054E08B /* HomeViewContract.swift in Sources */ = {isa = PBXBuildFile; fileRef = 53F3BB4629A1F6320054E08B /* HomeViewContract.swift */; };
		53F43A6B299AD7C8002528BE /* LookupTableViewCell.swift in Sources */ = {isa = PBXBuildFile; fileRef = 53F43A6A299AD7C8002528BE /* LookupTableViewCell.swift */; };
		53F43A6D299ADABB002528BE /* LookupTableViewDelegate.swift in Sources */ = {isa = PBXBuildFile; fileRef = 53F43A6C299ADABB002528BE /* LookupTableViewDelegate.swift */; };
/* End PBXBuildFile section */

/* Begin PBXFileReference section */
		5300C47329A8DEA700706150 /* NoDataView.swift */ = {isa = PBXFileReference; lastKnownFileType = sourcecode.swift; path = NoDataView.swift; sourceTree = "<group>"; };
		5300C47529A8F51A00706150 /* DropDownButton.swift */ = {isa = PBXFileReference; lastKnownFileType = sourcecode.swift; path = DropDownButton.swift; sourceTree = "<group>"; };
		531131BF29A79452006124AA /* RelatedListNetworkService.swift */ = {isa = PBXFileReference; lastKnownFileType = sourcecode.swift; path = RelatedListNetworkService.swift; sourceTree = "<group>"; };
		5311863E29A794B1004088DD /* RelatedList.swift */ = {isa = PBXFileReference; lastKnownFileType = sourcecode.swift; path = RelatedList.swift; sourceTree = "<group>"; };
		5311864129A796AE004088DD /* DatePickerTableHeaderView.swift */ = {isa = PBXFileReference; lastKnownFileType = sourcecode.swift; path = DatePickerTableHeaderView.swift; sourceTree = "<group>"; };
		5311864329A796F1004088DD /* TableBookingViewController.swift */ = {isa = PBXFileReference; lastKnownFileType = sourcecode.swift; path = TableBookingViewController.swift; sourceTree = "<group>"; };
		5311864529A7A56D004088DD /* TableBookingViewPresenter.swift */ = {isa = PBXFileReference; lastKnownFileType = sourcecode.swift; path = TableBookingViewPresenter.swift; sourceTree = "<group>"; };
		5311864729A7A66A004088DD /* BookingNetworkService.swift */ = {isa = PBXFileReference; lastKnownFileType = sourcecode.swift; path = BookingNetworkService.swift; sourceTree = "<group>"; };
		5311864929A7BBE8004088DD /* BookingController.swift */ = {isa = PBXFileReference; lastKnownFileType = sourcecode.swift; path = BookingController.swift; sourceTree = "<group>"; };
		5311864B29A884DF004088DD /* Table.swift */ = {isa = PBXFileReference; lastKnownFileType = sourcecode.swift; path = Table.swift; sourceTree = "<group>"; };
		5311865029A8C551004088DD /* TableViewExtension.swift */ = {isa = PBXFileReference; lastKnownFileType = sourcecode.swift; path = TableViewExtension.swift; sourceTree = "<group>"; };
		5318F5CE29796B4900AF76DC /* WebViewController.swift */ = {isa = PBXFileReference; lastKnownFileType = sourcecode.swift; path = WebViewController.swift; sourceTree = "<group>"; };
		5318F5D4297A85A000AF76DC /* NetworkDataManager.swift */ = {isa = PBXFileReference; lastKnownFileType = sourcecode.swift; path = NetworkDataManager.swift; sourceTree = "<group>"; };
		5318F5D6297AB81E00AF76DC /* NetworkController.swift */ = {isa = PBXFileReference; lastKnownFileType = sourcecode.swift; path = NetworkController.swift; sourceTree = "<group>"; };
		5318F5D8297ABE0D00AF76DC /* DatabaseController.swift */ = {isa = PBXFileReference; lastKnownFileType = sourcecode.swift; path = DatabaseController.swift; sourceTree = "<group>"; };
		531B11112980E558000FAF02 /* HomeViewController.swift */ = {isa = PBXFileReference; lastKnownFileType = sourcecode.swift; path = HomeViewController.swift; sourceTree = "<group>"; };
		5340DEE02982CD8C00ED51D1 /* LoginViewController.swift */ = {isa = PBXFileReference; fileEncoding = 4; lastKnownFileType = sourcecode.swift; path = LoginViewController.swift; sourceTree = "<group>"; };
		5356AF0429A2886B00267943 /* DataManagerContract.swift */ = {isa = PBXFileReference; lastKnownFileType = sourcecode.swift; path = DataManagerContract.swift; sourceTree = "<group>"; };
		5356AF0629A28BBE00267943 /* ModulesDataManger.swift */ = {isa = PBXFileReference; lastKnownFileType = sourcecode.swift; path = ModulesDataManger.swift; sourceTree = "<group>"; };
		5356AF0829A28BC900267943 /* RecordsDataManager.swift */ = {isa = PBXFileReference; lastKnownFileType = sourcecode.swift; path = RecordsDataManager.swift; sourceTree = "<group>"; };
		5356AF0A29A28BD800267943 /* UserInfoDataManager.swift */ = {isa = PBXFileReference; lastKnownFileType = sourcecode.swift; path = UserInfoDataManager.swift; sourceTree = "<group>"; };
		5356AF0D29A32DDC00267943 /* RecordsNetworkService.swift */ = {isa = PBXFileReference; lastKnownFileType = sourcecode.swift; path = RecordsNetworkService.swift; sourceTree = "<group>"; };
		5356AF0F29A332B800267943 /* NetworkService.swift */ = {isa = PBXFileReference; lastKnownFileType = sourcecode.swift; path = NetworkService.swift; sourceTree = "<group>"; };
		5356AF1129A3362C00267943 /* KeychainService.swift */ = {isa = PBXFileReference; lastKnownFileType = sourcecode.swift; path = KeychainService.swift; sourceTree = "<group>"; };
		5356AF1429A3382100267943 /* ModulesNetworkService.swift */ = {isa = PBXFileReference; lastKnownFileType = sourcecode.swift; path = ModulesNetworkService.swift; sourceTree = "<group>"; };
		5356AF1629A3393800267943 /* UserNetworkService.swift */ = {isa = PBXFileReference; lastKnownFileType = sourcecode.swift; path = UserNetworkService.swift; sourceTree = "<group>"; };
		5356AF1829A3397100267943 /* FieldsNetworkService.swift */ = {isa = PBXFileReference; lastKnownFileType = sourcecode.swift; path = FieldsNetworkService.swift; sourceTree = "<group>"; };
		5356AF1A29A33A8100267943 /* FieldsController.swift */ = {isa = PBXFileReference; lastKnownFileType = sourcecode.swift; path = FieldsController.swift; sourceTree = "<group>"; };
		5356AF1C29A33E0700267943 /* FieldsDataManager.swift */ = {isa = PBXFileReference; lastKnownFileType = sourcecode.swift; path = FieldsDataManager.swift; sourceTree = "<group>"; };
		5356AF1E29A340D400267943 /* ModulesController.swift */ = {isa = PBXFileReference; lastKnownFileType = sourcecode.swift; path = ModulesController.swift; sourceTree = "<group>"; };
		5356AF2029A3474C00267943 /* UserDataManager.swift */ = {isa = PBXFileReference; lastKnownFileType = sourcecode.swift; path = UserDataManager.swift; sourceTree = "<group>"; };
		5356AF2229A348D500267943 /* WebViewPresenter.swift */ = {isa = PBXFileReference; lastKnownFileType = sourcecode.swift; path = WebViewPresenter.swift; sourceTree = "<group>"; };
		5356AF2429A35F2000267943 /* LookupTableViewController.swift */ = {isa = PBXFileReference; lastKnownFileType = sourcecode.swift; path = LookupTableViewController.swift; sourceTree = "<group>"; };
		5356AF2829A3683600267943 /* CustomRecordField.swift */ = {isa = PBXFileReference; lastKnownFileType = sourcecode.swift; path = CustomRecordField.swift; sourceTree = "<group>"; };
		5362F76329AA342300DA5F44 /* ContainerViewController.swift */ = {isa = PBXFileReference; fileEncoding = 4; lastKnownFileType = sourcecode.swift; path = ContainerViewController.swift; sourceTree = "<group>"; };
		5362F76529AA342C00DA5F44 /* MenuVC.swift */ = {isa = PBXFileReference; fileEncoding = 4; lastKnownFileType = sourcecode.swift; path = MenuVC.swift; sourceTree = "<group>"; };
		5362F76629AA342C00DA5F44 /* HomeVC.swift */ = {isa = PBXFileReference; fileEncoding = 4; lastKnownFileType = sourcecode.swift; path = HomeVC.swift; sourceTree = "<group>"; };
		536AD436299E21FA00801158 /* UserDetailController.swift */ = {isa = PBXFileReference; lastKnownFileType = sourcecode.swift; path = UserDetailController.swift; sourceTree = "<group>"; };
		536AD438299E3EF400801158 /* RecordsController.swift */ = {isa = PBXFileReference; lastKnownFileType = sourcecode.swift; path = RecordsController.swift; sourceTree = "<group>"; };
		536AD43D299E5BB100801158 /* UseCaseContact.swift */ = {isa = PBXFileReference; lastKnownFileType = sourcecode.swift; path = UseCaseContact.swift; sourceTree = "<group>"; };
		536AD43F299E600200801158 /* FormViewContract.swift */ = {isa = PBXFileReference; lastKnownFileType = sourcecode.swift; path = FormViewContract.swift; sourceTree = "<group>"; };
		5375155B2980436A004B00E7 /* UserDefaultsManager.swift */ = {isa = PBXFileReference; lastKnownFileType = sourcecode.swift; path = UserDefaultsManager.swift; sourceTree = "<group>"; };
		537B607D29962C3B00ACA883 /* ModulesTableViewController.swift */ = {isa = PBXFileReference; lastKnownFileType = sourcecode.swift; path = ModulesTableViewController.swift; sourceTree = "<group>"; };
		537B607F29962C7E00ACA883 /* ModuleTableViewCell.swift */ = {isa = PBXFileReference; lastKnownFileType = sourcecode.swift; path = ModuleTableViewCell.swift; sourceTree = "<group>"; };
		537B6081299635A000ACA883 /* ModulesPresenter.swift */ = {isa = PBXFileReference; lastKnownFileType = sourcecode.swift; path = ModulesPresenter.swift; sourceTree = "<group>"; };
		537B6083299637DA00ACA883 /* json.json */ = {isa = PBXFileReference; lastKnownFileType = text.json; path = json.json; sourceTree = "<group>"; };
		537B608529963F8200ACA883 /* Module.swift */ = {isa = PBXFileReference; lastKnownFileType = sourcecode.swift; path = Module.swift; sourceTree = "<group>"; };
		537B60882996694700ACA883 /* RecordsTableViewController.swift */ = {isa = PBXFileReference; lastKnownFileType = sourcecode.swift; path = RecordsTableViewController.swift; sourceTree = "<group>"; };
		537B608A299669FD00ACA883 /* RecordsPresenter.swift */ = {isa = PBXFileReference; lastKnownFileType = sourcecode.swift; path = RecordsPresenter.swift; sourceTree = "<group>"; };
		537B608C299674E700ACA883 /* RecordsTableViewCell.swift */ = {isa = PBXFileReference; lastKnownFileType = sourcecode.swift; path = RecordsTableViewCell.swift; sourceTree = "<group>"; };
		537B608E29969BDE00ACA883 /* Record.swift */ = {isa = PBXFileReference; lastKnownFileType = sourcecode.swift; path = Record.swift; sourceTree = "<group>"; };
		537B60922997933A00ACA883 /* UserType.swift */ = {isa = PBXFileReference; lastKnownFileType = sourcecode.swift; path = UserType.swift; sourceTree = "<group>"; };
		537B609629989ADA00ACA883 /* FieldsRespone.json */ = {isa = PBXFileReference; lastKnownFileType = text.json; path = FieldsRespone.json; sourceTree = "<group>"; };
		537B60A02998B70100ACA883 /* BooleanTableViewCell.swift */ = {isa = PBXFileReference; fileEncoding = 4; lastKnownFileType = sourcecode.swift; path = BooleanTableViewCell.swift; sourceTree = "<group>"; };
		537B60A12998B70100ACA883 /* IntegerTableViewCell.swift */ = {isa = PBXFileReference; fileEncoding = 4; lastKnownFileType = sourcecode.swift; path = IntegerTableViewCell.swift; sourceTree = "<group>"; };
		537B60A22998B70100ACA883 /* EmailTableViewCell.swift */ = {isa = PBXFileReference; fileEncoding = 4; lastKnownFileType = sourcecode.swift; path = EmailTableViewCell.swift; sourceTree = "<group>"; };
		537B60A32998B70100ACA883 /* StringTableViewCell.swift */ = {isa = PBXFileReference; fileEncoding = 4; lastKnownFileType = sourcecode.swift; path = StringTableViewCell.swift; sourceTree = "<group>"; };
		537B60A42998B70100ACA883 /* DoubleTableViewCell.swift */ = {isa = PBXFileReference; fileEncoding = 4; lastKnownFileType = sourcecode.swift; path = DoubleTableViewCell.swift; sourceTree = "<group>"; };
		53964858299B804000781CE4 /* RecordInfoTableViewController.swift */ = {isa = PBXFileReference; lastKnownFileType = sourcecode.swift; path = RecordInfoTableViewController.swift; sourceTree = "<group>"; };
		5396485B299B87A300781CE4 /* EditRecordTableViewController.swift */ = {isa = PBXFileReference; lastKnownFileType = sourcecode.swift; path = EditRecordTableViewController.swift; sourceTree = "<group>"; };
		5396485D299B9EB600781CE4 /* RecordInfoPresenter.swift */ = {isa = PBXFileReference; lastKnownFileType = sourcecode.swift; path = RecordInfoPresenter.swift; sourceTree = "<group>"; };
		5396485F299BA76100781CE4 /* IndividualDataRespone.json */ = {isa = PBXFileReference; lastKnownFileType = text.json; path = IndividualDataRespone.json; sourceTree = "<group>"; };
		53964863299BEFB500781CE4 /* RecordInfoTableViewCell.swift */ = {isa = PBXFileReference; lastKnownFileType = sourcecode.swift; path = RecordInfoTableViewCell.swift; sourceTree = "<group>"; };
		53A696DB297C6AD80029F92E /* KeyChain.swift */ = {isa = PBXFileReference; lastKnownFileType = sourcecode.swift; path = KeyChain.swift; sourceTree = "<group>"; };
		53A696DD297C6D310029F92E /* Network.swift */ = {isa = PBXFileReference; lastKnownFileType = sourcecode.swift; path = Network.swift; sourceTree = "<group>"; };
		53D2731E2977D20F001718BD /* CRM C.app */ = {isa = PBXFileReference; explicitFileType = wrapper.application; includeInIndex = 0; path = "CRM C.app"; sourceTree = BUILT_PRODUCTS_DIR; };
		53D273212977D20F001718BD /* AppDelegate.swift */ = {isa = PBXFileReference; lastKnownFileType = sourcecode.swift; path = AppDelegate.swift; sourceTree = "<group>"; };
		53D273232977D20F001718BD /* SceneDelegate.swift */ = {isa = PBXFileReference; lastKnownFileType = sourcecode.swift; path = SceneDelegate.swift; sourceTree = "<group>"; };
		53D2732A2977D211001718BD /* Assets.xcassets */ = {isa = PBXFileReference; lastKnownFileType = folder.assetcatalog; path = Assets.xcassets; sourceTree = "<group>"; };
		53D2732F2977D211001718BD /* Info.plist */ = {isa = PBXFileReference; lastKnownFileType = text.plist.xml; path = Info.plist; sourceTree = "<group>"; };
		53E5B7BB29A953070079B567 /* PickerViewController.swift */ = {isa = PBXFileReference; lastKnownFileType = sourcecode.swift; path = PickerViewController.swift; sourceTree = "<group>"; };
		53E5B7BD29A955480079B567 /* PickerViewPresenter.swift */ = {isa = PBXFileReference; lastKnownFileType = sourcecode.swift; path = PickerViewPresenter.swift; sourceTree = "<group>"; };
		53E749FC299A7167000EE176 /* FieldRespone.json */ = {isa = PBXFileReference; lastKnownFileType = text.json; path = FieldRespone.json; sourceTree = "<group>"; };
		53EC9A47298261430056C300 /* SplashViewController.swift */ = {isa = PBXFileReference; lastKnownFileType = sourcecode.swift; path = SplashViewController.swift; sourceTree = "<group>"; };
		53EEAEF429A4A7C900403541 /* MultiSelectTableViewController.swift */ = {isa = PBXFileReference; lastKnownFileType = sourcecode.swift; name = MultiSelectTableViewController.swift; path = "CRM Project/PresentationLayer/MultiSelectTableViewController.swift"; sourceTree = SOURCE_ROOT; };
		53EEAEF929A513F400403541 /* CustomTapRecognizer.swift */ = {isa = PBXFileReference; lastKnownFileType = sourcecode.swift; path = CustomTapRecognizer.swift; sourceTree = "<group>"; };
		53EEAEFB29A5402D00403541 /* PickListTableViewCell.swift */ = {isa = PBXFileReference; lastKnownFileType = sourcecode.swift; path = PickListTableViewCell.swift; sourceTree = "<group>"; };
		53EEAEFD29A5EF4F00403541 /* TextAreaTableViewCell.swift */ = {isa = PBXFileReference; lastKnownFileType = sourcecode.swift; path = TextAreaTableViewCell.swift; sourceTree = "<group>"; };
		53EF7AFE29921E0B000B1FA1 /* FormTableViewCell.swift */ = {isa = PBXFileReference; fileEncoding = 4; lastKnownFileType = sourcecode.swift; path = FormTableViewCell.swift; sourceTree = "<group>"; };
		53EF7AFF29921E0B000B1FA1 /* FormTextField.swift */ = {isa = PBXFileReference; fileEncoding = 4; lastKnownFileType = sourcecode.swift; path = FormTextField.swift; sourceTree = "<group>"; };
		53EF7B0429921E53000B1FA1 /* FormTableViewController.swift */ = {isa = PBXFileReference; lastKnownFileType = sourcecode.swift; path = FormTableViewController.swift; sourceTree = "<group>"; };
		53EF7B0B299251F9000B1FA1 /* FormPresenter.swift */ = {isa = PBXFileReference; lastKnownFileType = sourcecode.swift; path = FormPresenter.swift; sourceTree = "<group>"; };
		53EF7B0E29928D0B000B1FA1 /* Field.swift */ = {isa = PBXFileReference; lastKnownFileType = sourcecode.swift; path = Field.swift; sourceTree = "<group>"; };
		53F3BB2A299F47CC0054E08B /* Assembler.swift */ = {isa = PBXFileReference; lastKnownFileType = sourcecode.swift; path = Assembler.swift; sourceTree = "<group>"; };
		53F3BB2F299F55780054E08B /* Router.swift */ = {isa = PBXFileReference; lastKnownFileType = sourcecode.swift; path = Router.swift; sourceTree = "<group>"; };
		53F3BB34299F60700054E08B /* ModuleViewContract.swift */ = {isa = PBXFileReference; lastKnownFileType = sourcecode.swift; path = ModuleViewContract.swift; sourceTree = "<group>"; };
		53F3BB36299F61BD0054E08B /* RecordsViewContract.swift */ = {isa = PBXFileReference; lastKnownFileType = sourcecode.swift; path = RecordsViewContract.swift; sourceTree = "<group>"; };
		53F3BB38299F622E0054E08B /* RecordInfoViewContract.swift */ = {isa = PBXFileReference; lastKnownFileType = sourcecode.swift; path = RecordInfoViewContract.swift; sourceTree = "<group>"; };
		53F3BB3A299FC85A0054E08B /* LookupViewContract.swift */ = {isa = PBXFileReference; lastKnownFileType = sourcecode.swift; path = LookupViewContract.swift; sourceTree = "<group>"; };
		53F3BB3E29A1EE420054E08B /* LoginViewPresenter.swift */ = {isa = PBXFileReference; lastKnownFileType = sourcecode.swift; path = LoginViewPresenter.swift; sourceTree = "<group>"; };
		53F3BB4029A1EF0D0054E08B /* SplashViewPresenter.swift */ = {isa = PBXFileReference; lastKnownFileType = sourcecode.swift; path = SplashViewPresenter.swift; sourceTree = "<group>"; };
		53F3BB4229A1EF670054E08B /* SplashViewContract.swift */ = {isa = PBXFileReference; lastKnownFileType = sourcecode.swift; path = SplashViewContract.swift; sourceTree = "<group>"; };
		53F3BB4429A1F61B0054E08B /* HomeViewPresenter.swift */ = {isa = PBXFileReference; lastKnownFileType = sourcecode.swift; path = HomeViewPresenter.swift; sourceTree = "<group>"; };
		53F3BB4629A1F6320054E08B /* HomeViewContract.swift */ = {isa = PBXFileReference; lastKnownFileType = sourcecode.swift; path = HomeViewContract.swift; sourceTree = "<group>"; };
		53F43A6A299AD7C8002528BE /* LookupTableViewCell.swift */ = {isa = PBXFileReference; fileEncoding = 4; lastKnownFileType = sourcecode.swift; path = LookupTableViewCell.swift; sourceTree = "<group>"; };
		53F43A6C299ADABB002528BE /* LookupTableViewDelegate.swift */ = {isa = PBXFileReference; fileEncoding = 4; lastKnownFileType = sourcecode.swift; path = LookupTableViewDelegate.swift; sourceTree = "<group>"; };
/* End PBXFileReference section */

/* Begin PBXFrameworksBuildPhase section */
		53D2731B2977D20F001718BD /* Frameworks */ = {
			isa = PBXFrameworksBuildPhase;
			buildActionMask = 2147483647;
			files = (
				5311864F29A88796004088DD /* OrderedCollections in Frameworks */,
			);
			runOnlyForDeploymentPostprocessing = 0;
		};
/* End PBXFrameworksBuildPhase section */

/* Begin PBXGroup section */
		5311864029A7968A004088DD /* TableBookingView */ = {
			isa = PBXGroup;
			children = (
				5311864329A796F1004088DD /* TableBookingViewController.swift */,
				5311864129A796AE004088DD /* DatePickerTableHeaderView.swift */,
				53E5B7BB29A953070079B567 /* PickerViewController.swift */,
			);
			path = TableBookingView;
			sourceTree = "<group>";
		};
		5318F5D0297A84D900AF76DC /* DomainLayer */ = {
			isa = PBXGroup;
			children = (
				536AD43C299E58F300801158 /* UseCaseContract */,
				53E749F8299A0326000EE176 /* UseCase */,
				53EF7B0D29928CFD000B1FA1 /* Entities */,
				5318F5D8297ABE0D00AF76DC /* DatabaseController.swift */,
			);
			path = DomainLayer;
			sourceTree = "<group>";
		};
		5318F5D2297A84F500AF76DC /* DataLayer */ = {
			isa = PBXGroup;
			children = (
				5356AF0329A286CA00267943 /* DataContract */,
				5356AF0229A2869100267943 /* DataManager */,
				5356AF0C29A32D5C00267943 /* NetworkService */,
				5356AF1329A3365E00267943 /* KeychainService */,
				53A696DB297C6AD80029F92E /* KeyChain.swift */,
				53A696DD297C6D310029F92E /* Network.swift */,
				5375155B2980436A004B00E7 /* UserDefaultsManager.swift */,
			);
			path = DataLayer;
			sourceTree = "<group>";
		};
		5318F5D3297A851000AF76DC /* PresentationLayer */ = {
			isa = PBXGroup;
			children = (
				5362F76229AA33EE00DA5F44 /* MenuVC */,
				53EC9A47298261430056C300 /* SplashViewController.swift */,
				5340DEE02982CD8C00ED51D1 /* LoginViewController.swift */,
				5318F5CE29796B4900AF76DC /* WebViewController.swift */,
				531B11112980E558000FAF02 /* HomeViewController.swift */,
				53EEAEF929A513F400403541 /* CustomTapRecognizer.swift */,
				537B607C2996216A00ACA883 /* ModulesView */,
				537B60872996683800ACA883 /* RecordsView */,
				53964857299B7F5E00781CE4 /* RecordInfoView */,
				5396485A299B876700781CE4 /* EditRecordView */,
				53EF7B0329921E27000B1FA1 /* FormView */,
				53E749F9299A6348000EE176 /* LookupTableView */,
				53EEAEF329A4A7A700403541 /* MultiSelectTableView */,
				5311864029A7968A004088DD /* TableBookingView */,
				53EF7B0A299251E0000B1FA1 /* Presenter */,
				53F3BB33299F60260054E08B /* Contract */,
			);
			path = PresentationLayer;
			sourceTree = "<group>";
		};
		5356AF0229A2869100267943 /* DataManager */ = {
			isa = PBXGroup;
			children = (
				5318F5D4297A85A000AF76DC /* NetworkDataManager.swift */,
				5356AF0629A28BBE00267943 /* ModulesDataManger.swift */,
				5356AF0829A28BC900267943 /* RecordsDataManager.swift */,
				5356AF0A29A28BD800267943 /* UserInfoDataManager.swift */,
				5356AF1C29A33E0700267943 /* FieldsDataManager.swift */,
				5356AF2029A3474C00267943 /* UserDataManager.swift */,
			);
			path = DataManager;
			sourceTree = "<group>";
		};
		5356AF0329A286CA00267943 /* DataContract */ = {
			isa = PBXGroup;
			children = (
				5356AF0429A2886B00267943 /* DataManagerContract.swift */,
			);
			path = DataContract;
			sourceTree = "<group>";
		};
		5356AF0C29A32D5C00267943 /* NetworkService */ = {
			isa = PBXGroup;
			children = (
				5356AF1429A3382100267943 /* ModulesNetworkService.swift */,
				5356AF0D29A32DDC00267943 /* RecordsNetworkService.swift */,
				5356AF1629A3393800267943 /* UserNetworkService.swift */,
				5356AF1829A3397100267943 /* FieldsNetworkService.swift */,
				531131BF29A79452006124AA /* RelatedListNetworkService.swift */,
				5311864729A7A66A004088DD /* BookingNetworkService.swift */,
				5356AF0F29A332B800267943 /* NetworkService.swift */,
			);
			path = NetworkService;
			sourceTree = "<group>";
		};
		5356AF1329A3365E00267943 /* KeychainService */ = {
			isa = PBXGroup;
			children = (
				5356AF1129A3362C00267943 /* KeychainService.swift */,
			);
			path = KeychainService;
			sourceTree = "<group>";
		};
		5362F76229AA33EE00DA5F44 /* MenuVC */ = {
			isa = PBXGroup;
			children = (
				5362F76329AA342300DA5F44 /* ContainerViewController.swift */,
				5362F76629AA342C00DA5F44 /* HomeVC.swift */,
				5362F76529AA342C00DA5F44 /* MenuVC.swift */,
			);
			path = MenuVC;
			sourceTree = "<group>";
		};
		536AD43C299E58F300801158 /* UseCaseContract */ = {
			isa = PBXGroup;
			children = (
				536AD43D299E5BB100801158 /* UseCaseContact.swift */,
			);
			path = UseCaseContract;
			sourceTree = "<group>";
		};
		537B607C2996216A00ACA883 /* ModulesView */ = {
			isa = PBXGroup;
			children = (
				537B607D29962C3B00ACA883 /* ModulesTableViewController.swift */,
				537B607F29962C7E00ACA883 /* ModuleTableViewCell.swift */,
			);
			path = ModulesView;
			sourceTree = "<group>";
		};
		537B60872996683800ACA883 /* RecordsView */ = {
			isa = PBXGroup;
			children = (
				537B60882996694700ACA883 /* RecordsTableViewController.swift */,
				537B608C299674E700ACA883 /* RecordsTableViewCell.swift */,
			);
			path = RecordsView;
			sourceTree = "<group>";
		};
		53964857299B7F5E00781CE4 /* RecordInfoView */ = {
			isa = PBXGroup;
			children = (
				53964858299B804000781CE4 /* RecordInfoTableViewController.swift */,
				53964863299BEFB500781CE4 /* RecordInfoTableViewCell.swift */,
			);
			path = RecordInfoView;
			sourceTree = "<group>";
		};
		5396485A299B876700781CE4 /* EditRecordView */ = {
			isa = PBXGroup;
			children = (
				5396485B299B87A300781CE4 /* EditRecordTableViewController.swift */,
			);
			path = EditRecordView;
			sourceTree = "<group>";
		};
		53D273152977D20F001718BD = {
			isa = PBXGroup;
			children = (
				53D273202977D20F001718BD /* CRM Project */,
				53D2731F2977D20F001718BD /* Products */,
			);
			sourceTree = "<group>";
		};
		53D2731F2977D20F001718BD /* Products */ = {
			isa = PBXGroup;
			children = (
				53D2731E2977D20F001718BD /* CRM C.app */,
			);
			name = Products;
			sourceTree = "<group>";
		};
		53D273202977D20F001718BD /* CRM Project */ = {
			isa = PBXGroup;
			children = (
				53D273212977D20F001718BD /* AppDelegate.swift */,
				53D273232977D20F001718BD /* SceneDelegate.swift */,
				53F3BB2A299F47CC0054E08B /* Assembler.swift */,
				53F3BB2E299F55150054E08B /* Router */,
				5318F5D3297A851000AF76DC /* PresentationLayer */,
				5311865029A8C551004088DD /* TableViewExtension.swift */,
				5300C47329A8DEA700706150 /* NoDataView.swift */,
				5300C47529A8F51A00706150 /* DropDownButton.swift */,
				5318F5D0297A84D900AF76DC /* DomainLayer */,
				5318F5D2297A84F500AF76DC /* DataLayer */,
				53D2732A2977D211001718BD /* Assets.xcassets */,
				53D2732F2977D211001718BD /* Info.plist */,
				537B6083299637DA00ACA883 /* json.json */,
				5396485F299BA76100781CE4 /* IndividualDataRespone.json */,
				537B609629989ADA00ACA883 /* FieldsRespone.json */,
				53E749FC299A7167000EE176 /* FieldRespone.json */,
			);
			path = "CRM Project";
			sourceTree = "<group>";
		};
		53E749F8299A0326000EE176 /* UseCase */ = {
			isa = PBXGroup;
			children = (
				5318F5D6297AB81E00AF76DC /* NetworkController.swift */,
				536AD436299E21FA00801158 /* UserDetailController.swift */,
				536AD438299E3EF400801158 /* RecordsController.swift */,
				5356AF1A29A33A8100267943 /* FieldsController.swift */,
				5356AF1E29A340D400267943 /* ModulesController.swift */,
				5311864929A7BBE8004088DD /* BookingController.swift */,
			);
			path = UseCase;
			sourceTree = "<group>";
		};
		53E749F9299A6348000EE176 /* LookupTableView */ = {
			isa = PBXGroup;
			children = (
				5356AF2429A35F2000267943 /* LookupTableViewController.swift */,
				53F43A6C299ADABB002528BE /* LookupTableViewDelegate.swift */,
			);
			path = LookupTableView;
			sourceTree = "<group>";
		};
		53EEAEF329A4A7A700403541 /* MultiSelectTableView */ = {
			isa = PBXGroup;
			children = (
				53EEAEF429A4A7C900403541 /* MultiSelectTableViewController.swift */,
			);
			path = MultiSelectTableView;
			sourceTree = "<group>";
		};
		53EF7B0329921E27000B1FA1 /* FormView */ = {
			isa = PBXGroup;
			children = (
				53EF7B0429921E53000B1FA1 /* FormTableViewController.swift */,
				53EF7AFE29921E0B000B1FA1 /* FormTableViewCell.swift */,
				53EF7AFF29921E0B000B1FA1 /* FormTextField.swift */,
				537B60A02998B70100ACA883 /* BooleanTableViewCell.swift */,
				537B60A42998B70100ACA883 /* DoubleTableViewCell.swift */,
				537B60A22998B70100ACA883 /* EmailTableViewCell.swift */,
				537B60A12998B70100ACA883 /* IntegerTableViewCell.swift */,
				537B60A32998B70100ACA883 /* StringTableViewCell.swift */,
				53F43A6A299AD7C8002528BE /* LookupTableViewCell.swift */,
				53EEAEFB29A5402D00403541 /* PickListTableViewCell.swift */,
				53EEAEFD29A5EF4F00403541 /* TextAreaTableViewCell.swift */,
			);
			path = FormView;
			sourceTree = "<group>";
		};
		53EF7B0A299251E0000B1FA1 /* Presenter */ = {
			isa = PBXGroup;
			children = (
				53F3BB4429A1F61B0054E08B /* HomeViewPresenter.swift */,
				53F3BB4029A1EF0D0054E08B /* SplashViewPresenter.swift */,
				53F3BB3E29A1EE420054E08B /* LoginViewPresenter.swift */,
				537B6081299635A000ACA883 /* ModulesPresenter.swift */,
				537B608A299669FD00ACA883 /* RecordsPresenter.swift */,
				53EF7B0B299251F9000B1FA1 /* FormPresenter.swift */,
				5396485D299B9EB600781CE4 /* RecordInfoPresenter.swift */,
				5356AF2229A348D500267943 /* WebViewPresenter.swift */,
				5311864529A7A56D004088DD /* TableBookingViewPresenter.swift */,
				53E5B7BD29A955480079B567 /* PickerViewPresenter.swift */,
			);
			path = Presenter;
			sourceTree = "<group>";
		};
		53EF7B0D29928CFD000B1FA1 /* Entities */ = {
			isa = PBXGroup;
			children = (
				53EF7B0E29928D0B000B1FA1 /* Field.swift */,
				537B608529963F8200ACA883 /* Module.swift */,
				537B608E29969BDE00ACA883 /* Record.swift */,
				537B60922997933A00ACA883 /* UserType.swift */,
				5356AF2829A3683600267943 /* CustomRecordField.swift */,
				5311863E29A794B1004088DD /* RelatedList.swift */,
				5311864B29A884DF004088DD /* Table.swift */,
			);
			path = Entities;
			sourceTree = "<group>";
		};
		53F3BB2E299F55150054E08B /* Router */ = {
			isa = PBXGroup;
			children = (
				53F3BB2F299F55780054E08B /* Router.swift */,
			);
			path = Router;
			sourceTree = "<group>";
		};
		53F3BB33299F60260054E08B /* Contract */ = {
			isa = PBXGroup;
			children = (
				53F3BB4229A1EF670054E08B /* SplashViewContract.swift */,
				536AD43F299E600200801158 /* FormViewContract.swift */,
				53F3BB34299F60700054E08B /* ModuleViewContract.swift */,
				53F3BB36299F61BD0054E08B /* RecordsViewContract.swift */,
				53F3BB38299F622E0054E08B /* RecordInfoViewContract.swift */,
				53F3BB3A299FC85A0054E08B /* LookupViewContract.swift */,
				53F3BB4629A1F6320054E08B /* HomeViewContract.swift */,
			);
			path = Contract;
			sourceTree = "<group>";
		};
/* End PBXGroup section */

/* Begin PBXNativeTarget section */
		53D2731D2977D20F001718BD /* CRM C */ = {
			isa = PBXNativeTarget;
			buildConfigurationList = 53D273322977D211001718BD /* Build configuration list for PBXNativeTarget "CRM C" */;
			buildPhases = (
				53D2731A2977D20F001718BD /* Sources */,
				53D2731B2977D20F001718BD /* Frameworks */,
				53D2731C2977D20F001718BD /* Resources */,
			);
			buildRules = (
			);
			dependencies = (
			);
			name = "CRM C";
			packageProductDependencies = (
				5311864E29A88796004088DD /* OrderedCollections */,
			);
			productName = "CRM Project";
			productReference = 53D2731E2977D20F001718BD /* CRM C.app */;
			productType = "com.apple.product-type.application";
		};
/* End PBXNativeTarget section */

/* Begin PBXProject section */
		53D273162977D20F001718BD /* Project object */ = {
			isa = PBXProject;
			attributes = {
				BuildIndependentTargetsInParallel = 1;
				LastSwiftUpdateCheck = 1410;
				LastUpgradeCheck = 1410;
				TargetAttributes = {
					53D2731D2977D20F001718BD = {
						CreatedOnToolsVersion = 14.1;
					};
				};
			};
			buildConfigurationList = 53D273192977D20F001718BD /* Build configuration list for PBXProject "CRM Project" */;
			compatibilityVersion = "Xcode 14.0";
			developmentRegion = en;
			hasScannedForEncodings = 0;
			knownRegions = (
				en,
				Base,
			);
			mainGroup = 53D273152977D20F001718BD;
			packageReferences = (
				5311864D29A88796004088DD /* XCRemoteSwiftPackageReference "swift-collections" */,
			);
			productRefGroup = 53D2731F2977D20F001718BD /* Products */;
			projectDirPath = "";
			projectRoot = "";
			targets = (
				53D2731D2977D20F001718BD /* CRM C */,
			);
		};
/* End PBXProject section */

/* Begin PBXResourcesBuildPhase section */
		53D2731C2977D20F001718BD /* Resources */ = {
			isa = PBXResourcesBuildPhase;
			buildActionMask = 2147483647;
			files = (
				53D2732B2977D211001718BD /* Assets.xcassets in Resources */,
				53964860299BA76100781CE4 /* IndividualDataRespone.json in Resources */,
				537B609729989ADA00ACA883 /* FieldsRespone.json in Resources */,
				537B6084299637DA00ACA883 /* json.json in Resources */,
				53E749FD299A7167000EE176 /* FieldRespone.json in Resources */,
			);
			runOnlyForDeploymentPostprocessing = 0;
		};
/* End PBXResourcesBuildPhase section */

/* Begin PBXSourcesBuildPhase section */
		53D2731A2977D20F001718BD /* Sources */ = {
			isa = PBXSourcesBuildPhase;
			buildActionMask = 2147483647;
			files = (
				537B60892996694700ACA883 /* RecordsTableViewController.swift in Sources */,
				53F43A6B299AD7C8002528BE /* LookupTableViewCell.swift in Sources */,
				53EF7B0529921E53000B1FA1 /* FormTableViewController.swift in Sources */,
				53EEAEF529A4A7C900403541 /* MultiSelectTableViewController.swift in Sources */,
				53EEAEFC29A5402D00403541 /* PickListTableViewCell.swift in Sources */,
				53F3BB3B299FC85A0054E08B /* LookupViewContract.swift in Sources */,
				5356AF2529A35F2000267943 /* LookupTableViewController.swift in Sources */,
				537B60932997933A00ACA883 /* UserType.swift in Sources */,
				531B11122980E558000FAF02 /* HomeViewController.swift in Sources */,
				5318F5D5297A85A000AF76DC /* NetworkDataManager.swift in Sources */,
				5311864229A796AE004088DD /* DatePickerTableHeaderView.swift in Sources */,
				53EF7B0F29928D0B000B1FA1 /* Field.swift in Sources */,
				53A696DE297C6D310029F92E /* Network.swift in Sources */,
				536AD43E299E5BB100801158 /* UseCaseContact.swift in Sources */,
				5318F5D7297AB81E00AF76DC /* NetworkController.swift in Sources */,
				53E5B7BE29A955480079B567 /* PickerViewPresenter.swift in Sources */,
				5311864A29A7BBE8004088DD /* BookingController.swift in Sources */,
				53F3BB39299F622E0054E08B /* RecordInfoViewContract.swift in Sources */,
				537B608629963F8200ACA883 /* Module.swift in Sources */,
				53EEAEFA29A513F400403541 /* CustomTapRecognizer.swift in Sources */,
				5356AF1729A3393800267943 /* UserNetworkService.swift in Sources */,
				53EF7B0229921E0C000B1FA1 /* FormTextField.swift in Sources */,
				5362F76429AA342300DA5F44 /* ContainerViewController.swift in Sources */,
				5311864C29A884DF004088DD /* Table.swift in Sources */,
				5356AF1F29A340D400267943 /* ModulesController.swift in Sources */,
				5375155C2980436A004B00E7 /* UserDefaultsManager.swift in Sources */,
				536AD439299E3EF400801158 /* RecordsController.swift in Sources */,
				53964859299B804000781CE4 /* RecordInfoTableViewController.swift in Sources */,
				537B608F29969BDE00ACA883 /* Record.swift in Sources */,
				5356AF1D29A33E0700267943 /* FieldsDataManager.swift in Sources */,
				5356AF1929A3397100267943 /* FieldsNetworkService.swift in Sources */,
				53EC9A48298261430056C300 /* SplashViewController.swift in Sources */,
				537B60A82998B70100ACA883 /* StringTableViewCell.swift in Sources */,
				537B608D299674E700ACA883 /* RecordsTableViewCell.swift in Sources */,
				5362F76829AA342C00DA5F44 /* HomeVC.swift in Sources */,
				537B6082299635A000ACA883 /* ModulesPresenter.swift in Sources */,
				537B60A62998B70100ACA883 /* IntegerTableViewCell.swift in Sources */,
				5356AF2929A3683600267943 /* CustomRecordField.swift in Sources */,
				537B608029962C7E00ACA883 /* ModuleTableViewCell.swift in Sources */,
				5300C47629A8F51A00706150 /* DropDownButton.swift in Sources */,
				53F3BB2B299F47CC0054E08B /* Assembler.swift in Sources */,
				531131C029A79452006124AA /* RelatedListNetworkService.swift in Sources */,
				5356AF1529A3382100267943 /* ModulesNetworkService.swift in Sources */,
				5356AF2329A348D500267943 /* WebViewPresenter.swift in Sources */,
				5396485C299B87A300781CE4 /* EditRecordTableViewController.swift in Sources */,
				537B60A52998B70100ACA883 /* BooleanTableViewCell.swift in Sources */,
				5356AF1029A332B800267943 /* NetworkService.swift in Sources */,
				537B607E29962C3B00ACA883 /* ModulesTableViewController.swift in Sources */,
				5356AF0929A28BC900267943 /* RecordsDataManager.swift in Sources */,
				537B608B299669FD00ACA883 /* RecordsPresenter.swift in Sources */,
				5356AF1229A3362C00267943 /* KeychainService.swift in Sources */,
				53EF7B0129921E0C000B1FA1 /* FormTableViewCell.swift in Sources */,
				5356AF0529A2886B00267943 /* DataManagerContract.swift in Sources */,
				53E5B7BC29A953070079B567 /* PickerViewController.swift in Sources */,
				53A696DC297C6AD80029F92E /* KeyChain.swift in Sources */,
				53F3BB30299F55780054E08B /* Router.swift in Sources */,
				5340DEE12982CD8C00ED51D1 /* LoginViewController.swift in Sources */,
				5311864629A7A56D004088DD /* TableBookingViewPresenter.swift in Sources */,
				53F3BB4729A1F6320054E08B /* HomeViewContract.swift in Sources */,
				5356AF0E29A32DDC00267943 /* RecordsNetworkService.swift in Sources */,
				53F3BB3F29A1EE420054E08B /* LoginViewPresenter.swift in Sources */,
				536AD440299E600200801158 /* FormViewContract.swift in Sources */,
				5362F76729AA342C00DA5F44 /* MenuVC.swift in Sources */,
				5356AF0729A28BBE00267943 /* ModulesDataManger.swift in Sources */,
				5311864429A796F1004088DD /* TableBookingViewController.swift in Sources */,
				53D273222977D20F001718BD /* AppDelegate.swift in Sources */,
				53F3BB4529A1F61B0054E08B /* HomeViewPresenter.swift in Sources */,
				5311864829A7A66A004088DD /* BookingNetworkService.swift in Sources */,
				5356AF1B29A33A8100267943 /* FieldsController.swift in Sources */,
				5311865129A8C551004088DD /* TableViewExtension.swift in Sources */,
				53F3BB4129A1EF0D0054E08B /* SplashViewPresenter.swift in Sources */,
				53EEAEFE29A5EF4F00403541 /* TextAreaTableViewCell.swift in Sources */,
				537B60A92998B70100ACA883 /* DoubleTableViewCell.swift in Sources */,
				5318F5CF29796B4900AF76DC /* WebViewController.swift in Sources */,
				53F3BB4329A1EF670054E08B /* SplashViewContract.swift in Sources */,
				53F3BB35299F60700054E08B /* ModuleViewContract.swift in Sources */,
				537B60A72998B70100ACA883 /* EmailTableViewCell.swift in Sources */,
				5396485E299B9EB600781CE4 /* RecordInfoPresenter.swift in Sources */,
				53F43A6D299ADABB002528BE /* LookupTableViewDelegate.swift in Sources */,
				53D273242977D20F001718BD /* SceneDelegate.swift in Sources */,
				5300C47429A8DEA700706150 /* NoDataView.swift in Sources */,
				5356AF0B29A28BD800267943 /* UserInfoDataManager.swift in Sources */,
				5318F5D9297ABE0D00AF76DC /* DatabaseController.swift in Sources */,
				536AD437299E21FA00801158 /* UserDetailController.swift in Sources */,
				5311863F29A794B1004088DD /* RelatedList.swift in Sources */,
				5356AF2129A3474C00267943 /* UserDataManager.swift in Sources */,
				53964864299BEFB500781CE4 /* RecordInfoTableViewCell.swift in Sources */,
				53EF7B0C299251F9000B1FA1 /* FormPresenter.swift in Sources */,
				53F3BB37299F61BD0054E08B /* RecordsViewContract.swift in Sources */,
			);
			runOnlyForDeploymentPostprocessing = 0;
		};
/* End PBXSourcesBuildPhase section */

/* Begin XCBuildConfiguration section */
		53D273302977D211001718BD /* Debug */ = {
			isa = XCBuildConfiguration;
			buildSettings = {
				ALWAYS_SEARCH_USER_PATHS = NO;
				CLANG_ANALYZER_NONNULL = YES;
				CLANG_ANALYZER_NUMBER_OBJECT_CONVERSION = YES_AGGRESSIVE;
				CLANG_CXX_LANGUAGE_STANDARD = "gnu++20";
				CLANG_ENABLE_MODULES = YES;
				CLANG_ENABLE_OBJC_ARC = YES;
				CLANG_ENABLE_OBJC_WEAK = YES;
				CLANG_WARN_BLOCK_CAPTURE_AUTORELEASING = YES;
				CLANG_WARN_BOOL_CONVERSION = YES;
				CLANG_WARN_COMMA = YES;
				CLANG_WARN_CONSTANT_CONVERSION = YES;
				CLANG_WARN_DEPRECATED_OBJC_IMPLEMENTATIONS = YES;
				CLANG_WARN_DIRECT_OBJC_ISA_USAGE = YES_ERROR;
				CLANG_WARN_DOCUMENTATION_COMMENTS = YES;
				CLANG_WARN_EMPTY_BODY = YES;
				CLANG_WARN_ENUM_CONVERSION = YES;
				CLANG_WARN_INFINITE_RECURSION = YES;
				CLANG_WARN_INT_CONVERSION = YES;
				CLANG_WARN_NON_LITERAL_NULL_CONVERSION = YES;
				CLANG_WARN_OBJC_IMPLICIT_RETAIN_SELF = YES;
				CLANG_WARN_OBJC_LITERAL_CONVERSION = YES;
				CLANG_WARN_OBJC_ROOT_CLASS = YES_ERROR;
				CLANG_WARN_QUOTED_INCLUDE_IN_FRAMEWORK_HEADER = YES;
				CLANG_WARN_RANGE_LOOP_ANALYSIS = YES;
				CLANG_WARN_STRICT_PROTOTYPES = YES;
				CLANG_WARN_SUSPICIOUS_MOVE = YES;
				CLANG_WARN_UNGUARDED_AVAILABILITY = YES_AGGRESSIVE;
				CLANG_WARN_UNREACHABLE_CODE = YES;
				CLANG_WARN__DUPLICATE_METHOD_MATCH = YES;
				COPY_PHASE_STRIP = NO;
				DEBUG_INFORMATION_FORMAT = dwarf;
				ENABLE_STRICT_OBJC_MSGSEND = YES;
				ENABLE_TESTABILITY = YES;
				GCC_C_LANGUAGE_STANDARD = gnu11;
				GCC_DYNAMIC_NO_PIC = NO;
				GCC_NO_COMMON_BLOCKS = YES;
				GCC_OPTIMIZATION_LEVEL = 0;
				GCC_PREPROCESSOR_DEFINITIONS = (
					"DEBUG=1",
					"$(inherited)",
				);
				GCC_WARN_64_TO_32_BIT_CONVERSION = YES;
				GCC_WARN_ABOUT_RETURN_TYPE = YES_ERROR;
				GCC_WARN_UNDECLARED_SELECTOR = YES;
				GCC_WARN_UNINITIALIZED_AUTOS = YES_AGGRESSIVE;
				GCC_WARN_UNUSED_FUNCTION = YES;
				GCC_WARN_UNUSED_VARIABLE = YES;
				IPHONEOS_DEPLOYMENT_TARGET = 16.1;
				MTL_ENABLE_DEBUG_INFO = INCLUDE_SOURCE;
				MTL_FAST_MATH = YES;
				ONLY_ACTIVE_ARCH = YES;
				SDKROOT = iphoneos;
				SWIFT_ACTIVE_COMPILATION_CONDITIONS = DEBUG;
				SWIFT_OPTIMIZATION_LEVEL = "-Onone";
			};
			name = Debug;
		};
		53D273312977D211001718BD /* Release */ = {
			isa = XCBuildConfiguration;
			buildSettings = {
				ALWAYS_SEARCH_USER_PATHS = NO;
				CLANG_ANALYZER_NONNULL = YES;
				CLANG_ANALYZER_NUMBER_OBJECT_CONVERSION = YES_AGGRESSIVE;
				CLANG_CXX_LANGUAGE_STANDARD = "gnu++20";
				CLANG_ENABLE_MODULES = YES;
				CLANG_ENABLE_OBJC_ARC = YES;
				CLANG_ENABLE_OBJC_WEAK = YES;
				CLANG_WARN_BLOCK_CAPTURE_AUTORELEASING = YES;
				CLANG_WARN_BOOL_CONVERSION = YES;
				CLANG_WARN_COMMA = YES;
				CLANG_WARN_CONSTANT_CONVERSION = YES;
				CLANG_WARN_DEPRECATED_OBJC_IMPLEMENTATIONS = YES;
				CLANG_WARN_DIRECT_OBJC_ISA_USAGE = YES_ERROR;
				CLANG_WARN_DOCUMENTATION_COMMENTS = YES;
				CLANG_WARN_EMPTY_BODY = YES;
				CLANG_WARN_ENUM_CONVERSION = YES;
				CLANG_WARN_INFINITE_RECURSION = YES;
				CLANG_WARN_INT_CONVERSION = YES;
				CLANG_WARN_NON_LITERAL_NULL_CONVERSION = YES;
				CLANG_WARN_OBJC_IMPLICIT_RETAIN_SELF = YES;
				CLANG_WARN_OBJC_LITERAL_CONVERSION = YES;
				CLANG_WARN_OBJC_ROOT_CLASS = YES_ERROR;
				CLANG_WARN_QUOTED_INCLUDE_IN_FRAMEWORK_HEADER = YES;
				CLANG_WARN_RANGE_LOOP_ANALYSIS = YES;
				CLANG_WARN_STRICT_PROTOTYPES = YES;
				CLANG_WARN_SUSPICIOUS_MOVE = YES;
				CLANG_WARN_UNGUARDED_AVAILABILITY = YES_AGGRESSIVE;
				CLANG_WARN_UNREACHABLE_CODE = YES;
				CLANG_WARN__DUPLICATE_METHOD_MATCH = YES;
				COPY_PHASE_STRIP = NO;
				DEBUG_INFORMATION_FORMAT = "dwarf-with-dsym";
				ENABLE_NS_ASSERTIONS = NO;
				ENABLE_STRICT_OBJC_MSGSEND = YES;
				GCC_C_LANGUAGE_STANDARD = gnu11;
				GCC_NO_COMMON_BLOCKS = YES;
				GCC_WARN_64_TO_32_BIT_CONVERSION = YES;
				GCC_WARN_ABOUT_RETURN_TYPE = YES_ERROR;
				GCC_WARN_UNDECLARED_SELECTOR = YES;
				GCC_WARN_UNINITIALIZED_AUTOS = YES_AGGRESSIVE;
				GCC_WARN_UNUSED_FUNCTION = YES;
				GCC_WARN_UNUSED_VARIABLE = YES;
				IPHONEOS_DEPLOYMENT_TARGET = 16.1;
				MTL_ENABLE_DEBUG_INFO = NO;
				MTL_FAST_MATH = YES;
				SDKROOT = iphoneos;
				SWIFT_COMPILATION_MODE = wholemodule;
				SWIFT_OPTIMIZATION_LEVEL = "-O";
				VALIDATE_PRODUCT = YES;
			};
			name = Release;
		};
		53D273332977D211001718BD /* Debug */ = {
			isa = XCBuildConfiguration;
			buildSettings = {
				ASSETCATALOG_COMPILER_APPICON_NAME = AppIcon;
				ASSETCATALOG_COMPILER_GLOBAL_ACCENT_COLOR_NAME = AccentColor;
				CODE_SIGN_STYLE = Automatic;
				CURRENT_PROJECT_VERSION = 1;
				DEVELOPMENT_TEAM = TPP3HP6WJ6;
				GENERATE_INFOPLIST_FILE = YES;
				INFOPLIST_FILE = "CRM Project/Info.plist";
				INFOPLIST_KEY_UIApplicationSupportsIndirectInputEvents = YES;
				INFOPLIST_KEY_UIMainStoryboardFile = "";
				INFOPLIST_KEY_UISupportedInterfaceOrientations_iPad = "UIInterfaceOrientationPortrait UIInterfaceOrientationPortraitUpsideDown UIInterfaceOrientationLandscapeLeft UIInterfaceOrientationLandscapeRight";
				INFOPLIST_KEY_UISupportedInterfaceOrientations_iPhone = "UIInterfaceOrientationPortrait UIInterfaceOrientationLandscapeLeft UIInterfaceOrientationLandscapeRight";
				LD_RUNPATH_SEARCH_PATHS = (
					"$(inherited)",
					"@executable_path/Frameworks",
				);
				MARKETING_VERSION = 1.0;
				PRODUCT_BUNDLE_IDENTIFIER = "guhan.CRM-Project";
				PRODUCT_NAME = "$(TARGET_NAME)";
				SUPPORTED_PLATFORMS = "iphoneos iphonesimulator";
				SUPPORTS_MACCATALYST = NO;
				SUPPORTS_MAC_DESIGNED_FOR_IPHONE_IPAD = NO;
				SWIFT_EMIT_LOC_STRINGS = YES;
				SWIFT_VERSION = 5.0;
				TARGETED_DEVICE_FAMILY = 1;
			};
			name = Debug;
		};
		53D273342977D211001718BD /* Release */ = {
			isa = XCBuildConfiguration;
			buildSettings = {
				ASSETCATALOG_COMPILER_APPICON_NAME = AppIcon;
				ASSETCATALOG_COMPILER_GLOBAL_ACCENT_COLOR_NAME = AccentColor;
				CODE_SIGN_STYLE = Automatic;
				CURRENT_PROJECT_VERSION = 1;
				DEVELOPMENT_TEAM = TPP3HP6WJ6;
				GENERATE_INFOPLIST_FILE = YES;
				INFOPLIST_FILE = "CRM Project/Info.plist";
				INFOPLIST_KEY_UIApplicationSupportsIndirectInputEvents = YES;
				INFOPLIST_KEY_UIMainStoryboardFile = "";
				INFOPLIST_KEY_UISupportedInterfaceOrientations_iPad = "UIInterfaceOrientationPortrait UIInterfaceOrientationPortraitUpsideDown UIInterfaceOrientationLandscapeLeft UIInterfaceOrientationLandscapeRight";
				INFOPLIST_KEY_UISupportedInterfaceOrientations_iPhone = "UIInterfaceOrientationPortrait UIInterfaceOrientationLandscapeLeft UIInterfaceOrientationLandscapeRight";
				LD_RUNPATH_SEARCH_PATHS = (
					"$(inherited)",
					"@executable_path/Frameworks",
				);
				MARKETING_VERSION = 1.0;
				PRODUCT_BUNDLE_IDENTIFIER = "guhan.CRM-Project";
				PRODUCT_NAME = "$(TARGET_NAME)";
				SUPPORTED_PLATFORMS = "iphoneos iphonesimulator";
				SUPPORTS_MACCATALYST = NO;
				SUPPORTS_MAC_DESIGNED_FOR_IPHONE_IPAD = NO;
				SWIFT_EMIT_LOC_STRINGS = YES;
				SWIFT_VERSION = 5.0;
				TARGETED_DEVICE_FAMILY = 1;
			};
			name = Release;
		};
/* End XCBuildConfiguration section */

/* Begin XCConfigurationList section */
		53D273192977D20F001718BD /* Build configuration list for PBXProject "CRM Project" */ = {
			isa = XCConfigurationList;
			buildConfigurations = (
				53D273302977D211001718BD /* Debug */,
				53D273312977D211001718BD /* Release */,
			);
			defaultConfigurationIsVisible = 0;
			defaultConfigurationName = Release;
		};
		53D273322977D211001718BD /* Build configuration list for PBXNativeTarget "CRM C" */ = {
			isa = XCConfigurationList;
			buildConfigurations = (
				53D273332977D211001718BD /* Debug */,
				53D273342977D211001718BD /* Release */,
			);
			defaultConfigurationIsVisible = 0;
			defaultConfigurationName = Release;
		};
/* End XCConfigurationList section */

/* Begin XCRemoteSwiftPackageReference section */
		5311864D29A88796004088DD /* XCRemoteSwiftPackageReference "swift-collections" */ = {
			isa = XCRemoteSwiftPackageReference;
			repositoryURL = "https://github.com/apple/swift-collections.git";
			requirement = {
				kind = upToNextMajorVersion;
				minimumVersion = 1.0.0;
			};
		};
/* End XCRemoteSwiftPackageReference section */

/* Begin XCSwiftPackageProductDependency section */
		5311864E29A88796004088DD /* OrderedCollections */ = {
			isa = XCSwiftPackageProductDependency;
			package = 5311864D29A88796004088DD /* XCRemoteSwiftPackageReference "swift-collections" */;
			productName = OrderedCollections;
		};
/* End XCSwiftPackageProductDependency section */
	};
	rootObject = 53D273162977D20F001718BD /* Project object */;
}
