// !$*UTF8*$!
{
	archiveVersion = 1;
	classes = {
	};
	objectVersion = 56;
	objects = {

/* Begin PBXBuildFile section */
		5300C47429A8DEA700706150 /* NoDataView.swift in Sources */ = {isa = PBXBuildFile; fileRef = 5300C47329A8DEA700706150 /* NoDataView.swift */; };
		5301EF0329BE0F3300567753 /* RecordInfoDatabaseService.swift in Sources */ = {isa = PBXBuildFile; fileRef = 5301EF0229BE0F3300567753 /* RecordInfoDatabaseService.swift */; };
		5301EF0529BE6B5100567753 /* BookingDatabaseService.swift in Sources */ = {isa = PBXBuildFile; fileRef = 5301EF0429BE6B5100567753 /* BookingDatabaseService.swift */; };
		5301EF0A29BEFC2600567753 /* EventBookingController.swift in Sources */ = {isa = PBXBuildFile; fileRef = 5301EF0929BEFC2600567753 /* EventBookingController.swift */; };
		5301EF0C29BEFC8B00567753 /* EventBookingNetworkService.swift in Sources */ = {isa = PBXBuildFile; fileRef = 5301EF0B29BEFC8B00567753 /* EventBookingNetworkService.swift */; };
		5301EF0E29BEFEC500567753 /* EventDataManager.swift in Sources */ = {isa = PBXBuildFile; fileRef = 5301EF0D29BEFEC500567753 /* EventDataManager.swift */; };
		5301EF1029BF028200567753 /* Event.swift in Sources */ = {isa = PBXBuildFile; fileRef = 5301EF0F29BF028200567753 /* Event.swift */; };
		5301EF3929C0607A00567753 /* StringExtension.swift in Sources */ = {isa = PBXBuildFile; fileRef = 5301EF3829C0607A00567753 /* StringExtension.swift */; };
		5301EF3C29C060E700567753 /* Localizable.strings in Resources */ = {isa = PBXBuildFile; fileRef = 5301EF3E29C060E700567753 /* Localizable.strings */; };
		531131C029A79452006124AA /* RelatedListNetworkService.swift in Sources */ = {isa = PBXBuildFile; fileRef = 531131BF29A79452006124AA /* RelatedListNetworkService.swift */; };
		5311863F29A794B1004088DD /* RelatedList.swift in Sources */ = {isa = PBXBuildFile; fileRef = 5311863E29A794B1004088DD /* RelatedList.swift */; };
		5311864229A796AE004088DD /* DateAndTimeHeaderView.swift in Sources */ = {isa = PBXBuildFile; fileRef = 5311864129A796AE004088DD /* DateAndTimeHeaderView.swift */; };
		5311864429A796F1004088DD /* TableBookingViewController.swift in Sources */ = {isa = PBXBuildFile; fileRef = 5311864329A796F1004088DD /* TableBookingViewController.swift */; };
		5311864829A7A66A004088DD /* BookingNetworkService.swift in Sources */ = {isa = PBXBuildFile; fileRef = 5311864729A7A66A004088DD /* BookingNetworkService.swift */; };
		5311864A29A7BBE8004088DD /* BookingController.swift in Sources */ = {isa = PBXBuildFile; fileRef = 5311864929A7BBE8004088DD /* BookingController.swift */; };
		5311864C29A884DF004088DD /* Table.swift in Sources */ = {isa = PBXBuildFile; fileRef = 5311864B29A884DF004088DD /* Table.swift */; };
		5311865129A8C551004088DD /* TableViewExtension.swift in Sources */ = {isa = PBXBuildFile; fileRef = 5311865029A8C551004088DD /* TableViewExtension.swift */; };
		5318F5CF29796B4900AF76DC /* WebViewController.swift in Sources */ = {isa = PBXBuildFile; fileRef = 5318F5CE29796B4900AF76DC /* WebViewController.swift */; };
		5318F5D7297AB81E00AF76DC /* NetworkController.swift in Sources */ = {isa = PBXBuildFile; fileRef = 5318F5D6297AB81E00AF76DC /* NetworkController.swift */; };
		531B11122980E558000FAF02 /* HomeViewController.swift in Sources */ = {isa = PBXBuildFile; fileRef = 531B11112980E558000FAF02 /* HomeViewController.swift */; };
		5340DEE12982CD8C00ED51D1 /* LoginViewController.swift in Sources */ = {isa = PBXBuildFile; fileRef = 5340DEE02982CD8C00ED51D1 /* LoginViewController.swift */; };
		534DE57B29B5B02A00C229BD /* ModulesDatabaseService.swift in Sources */ = {isa = PBXBuildFile; fileRef = 534DE57A29B5B02A00C229BD /* ModulesDatabaseService.swift */; };
		534DE57D29B5B09200C229BD /* DatabaseService.swift in Sources */ = {isa = PBXBuildFile; fileRef = 534DE57C29B5B09200C229BD /* DatabaseService.swift */; };
		534DE58729B9B2DB00C229BD /* DateFormatterExtension.swift in Sources */ = {isa = PBXBuildFile; fileRef = 534DE58629B9B2DB00C229BD /* DateFormatterExtension.swift */; };
		534DE59329BA57CC00C229BD /* RecordsDatabaseService.swift in Sources */ = {isa = PBXBuildFile; fileRef = 534DE59229BA57CC00C229BD /* RecordsDatabaseService.swift */; };
		534DE59529BA59B700C229BD /* UserDatabaseService.swift in Sources */ = {isa = PBXBuildFile; fileRef = 534DE59429BA59B700C229BD /* UserDatabaseService.swift */; };
		534DE59B29BAF8D200C229BD /* FieldsDatabaseService.swift in Sources */ = {isa = PBXBuildFile; fileRef = 534DE59A29BAF8D200C229BD /* FieldsDatabaseService.swift */; };
		534DE59D29BC6D0600C229BD /* TableBookingDataManager.swift in Sources */ = {isa = PBXBuildFile; fileRef = 534DE59C29BC6D0600C229BD /* TableBookingDataManager.swift */; };
		5356AF0529A2886B00267943 /* DataManagerContract.swift in Sources */ = {isa = PBXBuildFile; fileRef = 5356AF0429A2886B00267943 /* DataManagerContract.swift */; };
		5356AF0E29A32DDC00267943 /* RecordsNetworkService.swift in Sources */ = {isa = PBXBuildFile; fileRef = 5356AF0D29A32DDC00267943 /* RecordsNetworkService.swift */; };
		5356AF1029A332B800267943 /* NetworkService.swift in Sources */ = {isa = PBXBuildFile; fileRef = 5356AF0F29A332B800267943 /* NetworkService.swift */; };
		5356AF1229A3362C00267943 /* KeychainService.swift in Sources */ = {isa = PBXBuildFile; fileRef = 5356AF1129A3362C00267943 /* KeychainService.swift */; };
		5356AF1529A3382100267943 /* ModulesNetworkService.swift in Sources */ = {isa = PBXBuildFile; fileRef = 5356AF1429A3382100267943 /* ModulesNetworkService.swift */; };
		5356AF1729A3393800267943 /* UserNetworkService.swift in Sources */ = {isa = PBXBuildFile; fileRef = 5356AF1629A3393800267943 /* UserNetworkService.swift */; };
		5356AF1929A3397100267943 /* FieldsNetworkService.swift in Sources */ = {isa = PBXBuildFile; fileRef = 5356AF1829A3397100267943 /* FieldsNetworkService.swift */; };
		5356AF1B29A33A8100267943 /* FieldsController.swift in Sources */ = {isa = PBXBuildFile; fileRef = 5356AF1A29A33A8100267943 /* FieldsController.swift */; };
		5356AF1F29A340D400267943 /* ModulesController.swift in Sources */ = {isa = PBXBuildFile; fileRef = 5356AF1E29A340D400267943 /* ModulesController.swift */; };
		5362F76729AA342C00DA5F44 /* MenuViewController.swift in Sources */ = {isa = PBXBuildFile; fileRef = 5362F76529AA342C00DA5F44 /* MenuViewController.swift */; };
		536AD437299E21FA00801158 /* UserDetailController.swift in Sources */ = {isa = PBXBuildFile; fileRef = 536AD436299E21FA00801158 /* UserDetailController.swift */; };
		536AD439299E3EF400801158 /* RecordsController.swift in Sources */ = {isa = PBXBuildFile; fileRef = 536AD438299E3EF400801158 /* RecordsController.swift */; };
		5375155C2980436A004B00E7 /* UserDefaultsManager.swift in Sources */ = {isa = PBXBuildFile; fileRef = 5375155B2980436A004B00E7 /* UserDefaultsManager.swift */; };
		537B607E29962C3B00ACA883 /* ModulesTableViewController.swift in Sources */ = {isa = PBXBuildFile; fileRef = 537B607D29962C3B00ACA883 /* ModulesTableViewController.swift */; };
		537B608029962C7E00ACA883 /* LabelTableViewCell.swift in Sources */ = {isa = PBXBuildFile; fileRef = 537B607F29962C7E00ACA883 /* LabelTableViewCell.swift */; };
		537B6084299637DA00ACA883 /* json.json in Resources */ = {isa = PBXBuildFile; fileRef = 537B6083299637DA00ACA883 /* json.json */; };
		537B608629963F8200ACA883 /* Module.swift in Sources */ = {isa = PBXBuildFile; fileRef = 537B608529963F8200ACA883 /* Module.swift */; };
		537B60892996694700ACA883 /* RecordsTableViewController.swift in Sources */ = {isa = PBXBuildFile; fileRef = 537B60882996694700ACA883 /* RecordsTableViewController.swift */; };
		537B608D299674E700ACA883 /* RecordsTableViewCell.swift in Sources */ = {isa = PBXBuildFile; fileRef = 537B608C299674E700ACA883 /* RecordsTableViewCell.swift */; };
		537B608F29969BDE00ACA883 /* Record.swift in Sources */ = {isa = PBXBuildFile; fileRef = 537B608E29969BDE00ACA883 /* Record.swift */; };
		537B60932997933A00ACA883 /* UserType.swift in Sources */ = {isa = PBXBuildFile; fileRef = 537B60922997933A00ACA883 /* UserType.swift */; };
		537B609729989ADA00ACA883 /* FieldsRespone.json in Resources */ = {isa = PBXBuildFile; fileRef = 537B609629989ADA00ACA883 /* FieldsRespone.json */; };
		537B60A52998B70100ACA883 /* BooleanTableViewCell.swift in Sources */ = {isa = PBXBuildFile; fileRef = 537B60A02998B70100ACA883 /* BooleanTableViewCell.swift */; };
		537B60A62998B70100ACA883 /* IntegerTableViewCell.swift in Sources */ = {isa = PBXBuildFile; fileRef = 537B60A12998B70100ACA883 /* IntegerTableViewCell.swift */; };
		537B60A72998B70100ACA883 /* EmailTableViewCell.swift in Sources */ = {isa = PBXBuildFile; fileRef = 537B60A22998B70100ACA883 /* EmailTableViewCell.swift */; };
		537B60A82998B70100ACA883 /* StringTableViewCell.swift in Sources */ = {isa = PBXBuildFile; fileRef = 537B60A32998B70100ACA883 /* StringTableViewCell.swift */; };
		537B60A92998B70100ACA883 /* DoubleTableViewCell.swift in Sources */ = {isa = PBXBuildFile; fileRef = 537B60A42998B70100ACA883 /* DoubleTableViewCell.swift */; };
		53964859299B804000781CE4 /* RecordInfoTableViewController.swift in Sources */ = {isa = PBXBuildFile; fileRef = 53964858299B804000781CE4 /* RecordInfoTableViewController.swift */; };
		53964860299BA76100781CE4 /* IndividualDataRespone.json in Resources */ = {isa = PBXBuildFile; fileRef = 5396485F299BA76100781CE4 /* IndividualDataRespone.json */; };
		53964864299BEFB500781CE4 /* RecordInfoTableViewCell.swift in Sources */ = {isa = PBXBuildFile; fileRef = 53964863299BEFB500781CE4 /* RecordInfoTableViewCell.swift */; };
		53A696DC297C6AD80029F92E /* KeyChain.swift in Sources */ = {isa = PBXBuildFile; fileRef = 53A696DB297C6AD80029F92E /* KeyChain.swift */; };
		53A696DE297C6D310029F92E /* Network.swift in Sources */ = {isa = PBXBuildFile; fileRef = 53A696DD297C6D310029F92E /* Network.swift */; };
		53CCE37829AE50A700245CF7 /* Storyboard.storyboard in Resources */ = {isa = PBXBuildFile; fileRef = 53CCE37729AE50A700245CF7 /* Storyboard.storyboard */; };
		53D273222977D20F001718BD /* AppDelegate.swift in Sources */ = {isa = PBXBuildFile; fileRef = 53D273212977D20F001718BD /* AppDelegate.swift */; };
		53D273242977D20F001718BD /* SceneDelegate.swift in Sources */ = {isa = PBXBuildFile; fileRef = 53D273232977D20F001718BD /* SceneDelegate.swift */; };
		53D2732B2977D211001718BD /* Assets.xcassets in Resources */ = {isa = PBXBuildFile; fileRef = 53D2732A2977D211001718BD /* Assets.xcassets */; };
		53E5B7BC29A953070079B567 /* PickerViewController.swift in Sources */ = {isa = PBXBuildFile; fileRef = 53E5B7BB29A953070079B567 /* PickerViewController.swift */; };
		53E749FD299A7167000EE176 /* FieldRespone.json in Resources */ = {isa = PBXBuildFile; fileRef = 53E749FC299A7167000EE176 /* FieldRespone.json */; };
		53E9093829B069B900452748 /* Database.swift in Sources */ = {isa = PBXBuildFile; fileRef = 53E9093729B069B900452748 /* Database.swift */; };
		53E9094329B11DAF00452748 /* UserDataManager.swift in Sources */ = {isa = PBXBuildFile; fileRef = 53E9093D29B11DAF00452748 /* UserDataManager.swift */; };
		53E9094429B11DAF00452748 /* ModulesDataManger.swift in Sources */ = {isa = PBXBuildFile; fileRef = 53E9093E29B11DAF00452748 /* ModulesDataManger.swift */; };
		53E9094529B11DAF00452748 /* FieldsDataManager.swift in Sources */ = {isa = PBXBuildFile; fileRef = 53E9093F29B11DAF00452748 /* FieldsDataManager.swift */; };
		53E9094829B11DAF00452748 /* RecordsDataManager.swift in Sources */ = {isa = PBXBuildFile; fileRef = 53E9094229B11DAF00452748 /* RecordsDataManager.swift */; };
		53EC9A48298261430056C300 /* SplashViewController.swift in Sources */ = {isa = PBXBuildFile; fileRef = 53EC9A47298261430056C300 /* SplashViewController.swift */; };
		53EEAEF529A4A7C900403541 /* MultiSelectTableViewController.swift in Sources */ = {isa = PBXBuildFile; fileRef = 53EEAEF429A4A7C900403541 /* MultiSelectTableViewController.swift */; };
		53EEAEFA29A513F400403541 /* CustomTapRecognizer.swift in Sources */ = {isa = PBXBuildFile; fileRef = 53EEAEF929A513F400403541 /* CustomTapRecognizer.swift */; };
		53EEAEFC29A5402D00403541 /* PickListTableViewCell.swift in Sources */ = {isa = PBXBuildFile; fileRef = 53EEAEFB29A5402D00403541 /* PickListTableViewCell.swift */; };
		53EEAEFE29A5EF4F00403541 /* TextAreaTableViewCell.swift in Sources */ = {isa = PBXBuildFile; fileRef = 53EEAEFD29A5EF4F00403541 /* TextAreaTableViewCell.swift */; };
		53EF4A6729C979AE0077B977 /* ModuleContract.swift in Sources */ = {isa = PBXBuildFile; fileRef = 53EF4A6629C979AE0077B977 /* ModuleContract.swift */; };
		53EF4A6929C97BB60077B977 /* NetworkControllerContract.swift in Sources */ = {isa = PBXBuildFile; fileRef = 53EF4A6829C97BB60077B977 /* NetworkControllerContract.swift */; };
		53EF4A6B29C9909F0077B977 /* UserDetailControllerContract.swift in Sources */ = {isa = PBXBuildFile; fileRef = 53EF4A6A29C9909F0077B977 /* UserDetailControllerContract.swift */; };
		53EF4A8F29C9BE560077B977 /* RecordsContract.swift in Sources */ = {isa = PBXBuildFile; fileRef = 53EF4A8E29C9BE560077B977 /* RecordsContract.swift */; };
		53EF4A9129C9C3840077B977 /* FieldsContract.swift in Sources */ = {isa = PBXBuildFile; fileRef = 53EF4A9029C9C3840077B977 /* FieldsContract.swift */; };
		53EF7B0129921E0C000B1FA1 /* FormTableViewCell.swift in Sources */ = {isa = PBXBuildFile; fileRef = 53EF7AFE29921E0B000B1FA1 /* FormTableViewCell.swift */; };
		53EF7B0229921E0C000B1FA1 /* FormTextField.swift in Sources */ = {isa = PBXBuildFile; fileRef = 53EF7AFF29921E0B000B1FA1 /* FormTextField.swift */; };
		53EF7B0529921E53000B1FA1 /* FormTableViewController.swift in Sources */ = {isa = PBXBuildFile; fileRef = 53EF7B0429921E53000B1FA1 /* FormTableViewController.swift */; };
		53EF7B0F29928D0B000B1FA1 /* Field.swift in Sources */ = {isa = PBXBuildFile; fileRef = 53EF7B0E29928D0B000B1FA1 /* Field.swift */; };
		53F1EE8B29AB0BE900C17723 /* User.swift in Sources */ = {isa = PBXBuildFile; fileRef = 53F1EE8A29AB0BE900C17723 /* User.swift */; };
		53F1EEB029AB9DB500C17723 /* UIColourExtension.swift in Sources */ = {isa = PBXBuildFile; fileRef = 53F1EEAF29AB9DB500C17723 /* UIColourExtension.swift */; };
		53F1EEB229AC6E3200C17723 /* DateTableViewCell.swift in Sources */ = {isa = PBXBuildFile; fileRef = 53F1EEB129AC6E3200C17723 /* DateTableViewCell.swift */; };
		53F43A6B299AD7C8002528BE /* LookupTableViewCell.swift in Sources */ = {isa = PBXBuildFile; fileRef = 53F43A6A299AD7C8002528BE /* LookupTableViewCell.swift */; };
		53F43A6D299ADABB002528BE /* RecordTableViewDelegate.swift in Sources */ = {isa = PBXBuildFile; fileRef = 53F43A6C299ADABB002528BE /* RecordTableViewDelegate.swift */; };
		53FF2CF229B3CF1A005ABB3A /* NetworkMonitor.swift in Sources */ = {isa = PBXBuildFile; fileRef = 53FF2CF129B3CF1A005ABB3A /* NetworkMonitor.swift */; };
/* End PBXBuildFile section */

/* Begin PBXFileReference section */
		5300C47329A8DEA700706150 /* NoDataView.swift */ = {isa = PBXFileReference; lastKnownFileType = sourcecode.swift; path = NoDataView.swift; sourceTree = "<group>"; };
		5301EF0229BE0F3300567753 /* RecordInfoDatabaseService.swift */ = {isa = PBXFileReference; lastKnownFileType = sourcecode.swift; path = RecordInfoDatabaseService.swift; sourceTree = "<group>"; };
		5301EF0429BE6B5100567753 /* BookingDatabaseService.swift */ = {isa = PBXFileReference; lastKnownFileType = sourcecode.swift; path = BookingDatabaseService.swift; sourceTree = "<group>"; };
		5301EF0929BEFC2600567753 /* EventBookingController.swift */ = {isa = PBXFileReference; lastKnownFileType = sourcecode.swift; path = EventBookingController.swift; sourceTree = "<group>"; };
		5301EF0B29BEFC8B00567753 /* EventBookingNetworkService.swift */ = {isa = PBXFileReference; lastKnownFileType = sourcecode.swift; path = EventBookingNetworkService.swift; sourceTree = "<group>"; };
		5301EF0D29BEFEC500567753 /* EventDataManager.swift */ = {isa = PBXFileReference; lastKnownFileType = sourcecode.swift; path = EventDataManager.swift; sourceTree = "<group>"; };
		5301EF0F29BF028200567753 /* Event.swift */ = {isa = PBXFileReference; lastKnownFileType = sourcecode.swift; path = Event.swift; sourceTree = "<group>"; };
		5301EF3829C0607A00567753 /* StringExtension.swift */ = {isa = PBXFileReference; lastKnownFileType = sourcecode.swift; path = StringExtension.swift; sourceTree = "<group>"; };
		5301EF3D29C060E700567753 /* en */ = {isa = PBXFileReference; lastKnownFileType = text.plist.strings; name = en; path = en.lproj/Localizable.strings; sourceTree = "<group>"; };
		5301EF3F29C061DD00567753 /* ar */ = {isa = PBXFileReference; lastKnownFileType = text.plist.strings; name = ar; path = ar.lproj/Localizable.strings; sourceTree = "<group>"; };
		531131BF29A79452006124AA /* RelatedListNetworkService.swift */ = {isa = PBXFileReference; lastKnownFileType = sourcecode.swift; path = RelatedListNetworkService.swift; sourceTree = "<group>"; };
		5311863E29A794B1004088DD /* RelatedList.swift */ = {isa = PBXFileReference; lastKnownFileType = sourcecode.swift; path = RelatedList.swift; sourceTree = "<group>"; };
		5311864129A796AE004088DD /* DateAndTimeHeaderView.swift */ = {isa = PBXFileReference; lastKnownFileType = sourcecode.swift; path = DateAndTimeHeaderView.swift; sourceTree = "<group>"; };
		5311864329A796F1004088DD /* TableBookingViewController.swift */ = {isa = PBXFileReference; lastKnownFileType = sourcecode.swift; path = TableBookingViewController.swift; sourceTree = "<group>"; };
		5311864729A7A66A004088DD /* BookingNetworkService.swift */ = {isa = PBXFileReference; lastKnownFileType = sourcecode.swift; path = BookingNetworkService.swift; sourceTree = "<group>"; };
		5311864929A7BBE8004088DD /* BookingController.swift */ = {isa = PBXFileReference; lastKnownFileType = sourcecode.swift; path = BookingController.swift; sourceTree = "<group>"; };
		5311864B29A884DF004088DD /* Table.swift */ = {isa = PBXFileReference; lastKnownFileType = sourcecode.swift; path = Table.swift; sourceTree = "<group>"; };
		5311865029A8C551004088DD /* TableViewExtension.swift */ = {isa = PBXFileReference; lastKnownFileType = sourcecode.swift; path = TableViewExtension.swift; sourceTree = "<group>"; };
		5318F5CE29796B4900AF76DC /* WebViewController.swift */ = {isa = PBXFileReference; lastKnownFileType = sourcecode.swift; path = WebViewController.swift; sourceTree = "<group>"; };
		5318F5D6297AB81E00AF76DC /* NetworkController.swift */ = {isa = PBXFileReference; lastKnownFileType = sourcecode.swift; path = NetworkController.swift; sourceTree = "<group>"; };
		531B11112980E558000FAF02 /* HomeViewController.swift */ = {isa = PBXFileReference; lastKnownFileType = sourcecode.swift; path = HomeViewController.swift; sourceTree = "<group>"; };
		5340DEE02982CD8C00ED51D1 /* LoginViewController.swift */ = {isa = PBXFileReference; fileEncoding = 4; lastKnownFileType = sourcecode.swift; path = LoginViewController.swift; sourceTree = "<group>"; };
		534DE57A29B5B02A00C229BD /* ModulesDatabaseService.swift */ = {isa = PBXFileReference; lastKnownFileType = sourcecode.swift; path = ModulesDatabaseService.swift; sourceTree = "<group>"; };
		534DE57C29B5B09200C229BD /* DatabaseService.swift */ = {isa = PBXFileReference; lastKnownFileType = sourcecode.swift; path = DatabaseService.swift; sourceTree = "<group>"; };
		534DE58629B9B2DB00C229BD /* DateFormatterExtension.swift */ = {isa = PBXFileReference; lastKnownFileType = sourcecode.swift; path = DateFormatterExtension.swift; sourceTree = "<group>"; };
		534DE59229BA57CC00C229BD /* RecordsDatabaseService.swift */ = {isa = PBXFileReference; lastKnownFileType = sourcecode.swift; path = RecordsDatabaseService.swift; sourceTree = "<group>"; };
		534DE59429BA59B700C229BD /* UserDatabaseService.swift */ = {isa = PBXFileReference; lastKnownFileType = sourcecode.swift; path = UserDatabaseService.swift; sourceTree = "<group>"; };
		534DE59A29BAF8D200C229BD /* FieldsDatabaseService.swift */ = {isa = PBXFileReference; lastKnownFileType = sourcecode.swift; path = FieldsDatabaseService.swift; sourceTree = "<group>"; };
		534DE59C29BC6D0600C229BD /* TableBookingDataManager.swift */ = {isa = PBXFileReference; lastKnownFileType = sourcecode.swift; path = TableBookingDataManager.swift; sourceTree = "<group>"; };
		5356AF0429A2886B00267943 /* DataManagerContract.swift */ = {isa = PBXFileReference; lastKnownFileType = sourcecode.swift; path = DataManagerContract.swift; sourceTree = "<group>"; };
		5356AF0D29A32DDC00267943 /* RecordsNetworkService.swift */ = {isa = PBXFileReference; lastKnownFileType = sourcecode.swift; path = RecordsNetworkService.swift; sourceTree = "<group>"; };
		5356AF0F29A332B800267943 /* NetworkService.swift */ = {isa = PBXFileReference; lastKnownFileType = sourcecode.swift; path = NetworkService.swift; sourceTree = "<group>"; };
		5356AF1129A3362C00267943 /* KeychainService.swift */ = {isa = PBXFileReference; lastKnownFileType = sourcecode.swift; path = KeychainService.swift; sourceTree = "<group>"; };
		5356AF1429A3382100267943 /* ModulesNetworkService.swift */ = {isa = PBXFileReference; lastKnownFileType = sourcecode.swift; path = ModulesNetworkService.swift; sourceTree = "<group>"; };
		5356AF1629A3393800267943 /* UserNetworkService.swift */ = {isa = PBXFileReference; lastKnownFileType = sourcecode.swift; path = UserNetworkService.swift; sourceTree = "<group>"; };
		5356AF1829A3397100267943 /* FieldsNetworkService.swift */ = {isa = PBXFileReference; lastKnownFileType = sourcecode.swift; path = FieldsNetworkService.swift; sourceTree = "<group>"; };
		5356AF1A29A33A8100267943 /* FieldsController.swift */ = {isa = PBXFileReference; lastKnownFileType = sourcecode.swift; path = FieldsController.swift; sourceTree = "<group>"; };
		5356AF1E29A340D400267943 /* ModulesController.swift */ = {isa = PBXFileReference; lastKnownFileType = sourcecode.swift; path = ModulesController.swift; sourceTree = "<group>"; };
		5362F76529AA342C00DA5F44 /* MenuViewController.swift */ = {isa = PBXFileReference; fileEncoding = 4; lastKnownFileType = sourcecode.swift; path = MenuViewController.swift; sourceTree = "<group>"; };
		536AD436299E21FA00801158 /* UserDetailController.swift */ = {isa = PBXFileReference; lastKnownFileType = sourcecode.swift; path = UserDetailController.swift; sourceTree = "<group>"; };
		536AD438299E3EF400801158 /* RecordsController.swift */ = {isa = PBXFileReference; lastKnownFileType = sourcecode.swift; path = RecordsController.swift; sourceTree = "<group>"; };
		5375155B2980436A004B00E7 /* UserDefaultsManager.swift */ = {isa = PBXFileReference; lastKnownFileType = sourcecode.swift; path = UserDefaultsManager.swift; sourceTree = "<group>"; };
		537B607D29962C3B00ACA883 /* ModulesTableViewController.swift */ = {isa = PBXFileReference; lastKnownFileType = sourcecode.swift; path = ModulesTableViewController.swift; sourceTree = "<group>"; };
		537B607F29962C7E00ACA883 /* LabelTableViewCell.swift */ = {isa = PBXFileReference; lastKnownFileType = sourcecode.swift; path = LabelTableViewCell.swift; sourceTree = "<group>"; };
		537B6083299637DA00ACA883 /* json.json */ = {isa = PBXFileReference; lastKnownFileType = text.json; path = json.json; sourceTree = "<group>"; };
		537B608529963F8200ACA883 /* Module.swift */ = {isa = PBXFileReference; lastKnownFileType = sourcecode.swift; path = Module.swift; sourceTree = "<group>"; };
		537B60882996694700ACA883 /* RecordsTableViewController.swift */ = {isa = PBXFileReference; lastKnownFileType = sourcecode.swift; path = RecordsTableViewController.swift; sourceTree = "<group>"; };
		537B608C299674E700ACA883 /* RecordsTableViewCell.swift */ = {isa = PBXFileReference; lastKnownFileType = sourcecode.swift; path = RecordsTableViewCell.swift; sourceTree = "<group>"; };
		537B608E29969BDE00ACA883 /* Record.swift */ = {isa = PBXFileReference; lastKnownFileType = sourcecode.swift; path = Record.swift; sourceTree = "<group>"; };
		537B60922997933A00ACA883 /* UserType.swift */ = {isa = PBXFileReference; lastKnownFileType = sourcecode.swift; path = UserType.swift; sourceTree = "<group>"; };
		537B609629989ADA00ACA883 /* FieldsRespone.json */ = {isa = PBXFileReference; lastKnownFileType = text.json; path = FieldsRespone.json; sourceTree = "<group>"; };
		537B60A02998B70100ACA883 /* BooleanTableViewCell.swift */ = {isa = PBXFileReference; fileEncoding = 4; lastKnownFileType = sourcecode.swift; path = BooleanTableViewCell.swift; sourceTree = "<group>"; };
		537B60A12998B70100ACA883 /* IntegerTableViewCell.swift */ = {isa = PBXFileReference; fileEncoding = 4; lastKnownFileType = sourcecode.swift; path = IntegerTableViewCell.swift; sourceTree = "<group>"; };
		537B60A22998B70100ACA883 /* EmailTableViewCell.swift */ = {isa = PBXFileReference; fileEncoding = 4; lastKnownFileType = sourcecode.swift; path = EmailTableViewCell.swift; sourceTree = "<group>"; };
		537B60A32998B70100ACA883 /* StringTableViewCell.swift */ = {isa = PBXFileReference; fileEncoding = 4; lastKnownFileType = sourcecode.swift; path = StringTableViewCell.swift; sourceTree = "<group>"; };
		537B60A42998B70100ACA883 /* DoubleTableViewCell.swift */ = {isa = PBXFileReference; fileEncoding = 4; lastKnownFileType = sourcecode.swift; path = DoubleTableViewCell.swift; sourceTree = "<group>"; };
		53964858299B804000781CE4 /* RecordInfoTableViewController.swift */ = {isa = PBXFileReference; lastKnownFileType = sourcecode.swift; path = RecordInfoTableViewController.swift; sourceTree = "<group>"; };
		5396485F299BA76100781CE4 /* IndividualDataRespone.json */ = {isa = PBXFileReference; lastKnownFileType = text.json; path = IndividualDataRespone.json; sourceTree = "<group>"; };
		53964863299BEFB500781CE4 /* RecordInfoTableViewCell.swift */ = {isa = PBXFileReference; lastKnownFileType = sourcecode.swift; path = RecordInfoTableViewCell.swift; sourceTree = "<group>"; };
		53A696DB297C6AD80029F92E /* KeyChain.swift */ = {isa = PBXFileReference; lastKnownFileType = sourcecode.swift; path = KeyChain.swift; sourceTree = "<group>"; };
		53A696DD297C6D310029F92E /* Network.swift */ = {isa = PBXFileReference; lastKnownFileType = sourcecode.swift; path = Network.swift; sourceTree = "<group>"; };
		53CCE37729AE50A700245CF7 /* Storyboard.storyboard */ = {isa = PBXFileReference; lastKnownFileType = file.storyboard; path = Storyboard.storyboard; sourceTree = "<group>"; };
		53D2731E2977D20F001718BD /* Hotel Hub.app */ = {isa = PBXFileReference; explicitFileType = wrapper.application; includeInIndex = 0; path = "Hotel Hub.app"; sourceTree = BUILT_PRODUCTS_DIR; };
		53D273212977D20F001718BD /* AppDelegate.swift */ = {isa = PBXFileReference; lastKnownFileType = sourcecode.swift; path = AppDelegate.swift; sourceTree = "<group>"; };
		53D273232977D20F001718BD /* SceneDelegate.swift */ = {isa = PBXFileReference; lastKnownFileType = sourcecode.swift; path = SceneDelegate.swift; sourceTree = "<group>"; };
		53D2732A2977D211001718BD /* Assets.xcassets */ = {isa = PBXFileReference; lastKnownFileType = folder.assetcatalog; path = Assets.xcassets; sourceTree = "<group>"; };
		53D2732F2977D211001718BD /* Info.plist */ = {isa = PBXFileReference; lastKnownFileType = text.plist.xml; path = Info.plist; sourceTree = "<group>"; };
		53E5B7BB29A953070079B567 /* PickerViewController.swift */ = {isa = PBXFileReference; lastKnownFileType = sourcecode.swift; path = PickerViewController.swift; sourceTree = "<group>"; };
		53E749FC299A7167000EE176 /* FieldRespone.json */ = {isa = PBXFileReference; lastKnownFileType = text.json; path = FieldRespone.json; sourceTree = "<group>"; };
		53E9093729B069B900452748 /* Database.swift */ = {isa = PBXFileReference; lastKnownFileType = sourcecode.swift; path = Database.swift; sourceTree = "<group>"; };
		53E9093D29B11DAF00452748 /* UserDataManager.swift */ = {isa = PBXFileReference; fileEncoding = 4; lastKnownFileType = sourcecode.swift; path = UserDataManager.swift; sourceTree = "<group>"; };
		53E9093E29B11DAF00452748 /* ModulesDataManger.swift */ = {isa = PBXFileReference; fileEncoding = 4; lastKnownFileType = sourcecode.swift; path = ModulesDataManger.swift; sourceTree = "<group>"; };
		53E9093F29B11DAF00452748 /* FieldsDataManager.swift */ = {isa = PBXFileReference; fileEncoding = 4; lastKnownFileType = sourcecode.swift; path = FieldsDataManager.swift; sourceTree = "<group>"; };
		53E9094229B11DAF00452748 /* RecordsDataManager.swift */ = {isa = PBXFileReference; fileEncoding = 4; lastKnownFileType = sourcecode.swift; path = RecordsDataManager.swift; sourceTree = "<group>"; };
		53EC9A47298261430056C300 /* SplashViewController.swift */ = {isa = PBXFileReference; lastKnownFileType = sourcecode.swift; path = SplashViewController.swift; sourceTree = "<group>"; };
		53EEAEF429A4A7C900403541 /* MultiSelectTableViewController.swift */ = {isa = PBXFileReference; lastKnownFileType = sourcecode.swift; name = MultiSelectTableViewController.swift; path = "CRM Project/PresentationLayer/MultiSelectTableViewController.swift"; sourceTree = SOURCE_ROOT; };
		53EEAEF929A513F400403541 /* CustomTapRecognizer.swift */ = {isa = PBXFileReference; lastKnownFileType = sourcecode.swift; path = CustomTapRecognizer.swift; sourceTree = "<group>"; };
		53EEAEFB29A5402D00403541 /* PickListTableViewCell.swift */ = {isa = PBXFileReference; lastKnownFileType = sourcecode.swift; path = PickListTableViewCell.swift; sourceTree = "<group>"; };
		53EEAEFD29A5EF4F00403541 /* TextAreaTableViewCell.swift */ = {isa = PBXFileReference; lastKnownFileType = sourcecode.swift; path = TextAreaTableViewCell.swift; sourceTree = "<group>"; };
		53EF4A6629C979AE0077B977 /* ModuleContract.swift */ = {isa = PBXFileReference; lastKnownFileType = sourcecode.swift; path = ModuleContract.swift; sourceTree = "<group>"; };
		53EF4A6829C97BB60077B977 /* NetworkControllerContract.swift */ = {isa = PBXFileReference; lastKnownFileType = sourcecode.swift; path = NetworkControllerContract.swift; sourceTree = "<group>"; };
		53EF4A6A29C9909F0077B977 /* UserDetailControllerContract.swift */ = {isa = PBXFileReference; lastKnownFileType = sourcecode.swift; path = UserDetailControllerContract.swift; sourceTree = "<group>"; };
		53EF4A8E29C9BE560077B977 /* RecordsContract.swift */ = {isa = PBXFileReference; lastKnownFileType = sourcecode.swift; path = RecordsContract.swift; sourceTree = "<group>"; };
		53EF4A9029C9C3840077B977 /* FieldsContract.swift */ = {isa = PBXFileReference; lastKnownFileType = sourcecode.swift; path = FieldsContract.swift; sourceTree = "<group>"; };
		53EF7AFE29921E0B000B1FA1 /* FormTableViewCell.swift */ = {isa = PBXFileReference; fileEncoding = 4; lastKnownFileType = sourcecode.swift; path = FormTableViewCell.swift; sourceTree = "<group>"; };
		53EF7AFF29921E0B000B1FA1 /* FormTextField.swift */ = {isa = PBXFileReference; fileEncoding = 4; lastKnownFileType = sourcecode.swift; path = FormTextField.swift; sourceTree = "<group>"; };
		53EF7B0429921E53000B1FA1 /* FormTableViewController.swift */ = {isa = PBXFileReference; lastKnownFileType = sourcecode.swift; path = FormTableViewController.swift; sourceTree = "<group>"; };
		53EF7B0E29928D0B000B1FA1 /* Field.swift */ = {isa = PBXFileReference; lastKnownFileType = sourcecode.swift; path = Field.swift; sourceTree = "<group>"; };
		53F1EE8A29AB0BE900C17723 /* User.swift */ = {isa = PBXFileReference; lastKnownFileType = sourcecode.swift; path = User.swift; sourceTree = "<group>"; };
		53F1EEAF29AB9DB500C17723 /* UIColourExtension.swift */ = {isa = PBXFileReference; lastKnownFileType = sourcecode.swift; path = UIColourExtension.swift; sourceTree = "<group>"; };
		53F1EEB129AC6E3200C17723 /* DateTableViewCell.swift */ = {isa = PBXFileReference; lastKnownFileType = sourcecode.swift; path = DateTableViewCell.swift; sourceTree = "<group>"; };
		53F43A6A299AD7C8002528BE /* LookupTableViewCell.swift */ = {isa = PBXFileReference; fileEncoding = 4; lastKnownFileType = sourcecode.swift; path = LookupTableViewCell.swift; sourceTree = "<group>"; };
		53F43A6C299ADABB002528BE /* RecordTableViewDelegate.swift */ = {isa = PBXFileReference; fileEncoding = 4; lastKnownFileType = sourcecode.swift; path = RecordTableViewDelegate.swift; sourceTree = "<group>"; };
		53FF2CF129B3CF1A005ABB3A /* NetworkMonitor.swift */ = {isa = PBXFileReference; lastKnownFileType = sourcecode.swift; path = NetworkMonitor.swift; sourceTree = "<group>"; };
/* End PBXFileReference section */

/* Begin PBXFrameworksBuildPhase section */
		53D2731B2977D20F001718BD /* Frameworks */ = {
			isa = PBXFrameworksBuildPhase;
			buildActionMask = 2147483647;
			files = (
			);
			runOnlyForDeploymentPostprocessing = 0;
		};
/* End PBXFrameworksBuildPhase section */

/* Begin PBXGroup section */
		5311864029A7968A004088DD /* TableBookingView */ = {
			isa = PBXGroup;
			children = (
				5300C47329A8DEA700706150 /* NoDataView.swift */,
				5311864329A796F1004088DD /* TableBookingViewController.swift */,
				5311864129A796AE004088DD /* DateAndTimeHeaderView.swift */,
				53E5B7BB29A953070079B567 /* PickerViewController.swift */,
			);
			path = TableBookingView;
			sourceTree = "<group>";
		};
		5318F5D0297A84D900AF76DC /* DomainLayer */ = {
			isa = PBXGroup;
			children = (
				53EF4A6529C978AD0077B977 /* Contract */,
				53E749F8299A0326000EE176 /* UseCase */,
				53EF7B0D29928CFD000B1FA1 /* Entities */,
			);
			path = DomainLayer;
			sourceTree = "<group>";
		};
		5318F5D2297A84F500AF76DC /* DataLayer */ = {
			isa = PBXGroup;
			children = (
				53E9093C29B11D9500452748 /* DataManager */,
				534DE57929B5B00100C229BD /* DataBaseService */,
				5356AF0329A286CA00267943 /* DataContract */,
				5356AF0C29A32D5C00267943 /* NetworkService */,
				5356AF1129A3362C00267943 /* KeychainService.swift */,
				53A696DB297C6AD80029F92E /* KeyChain.swift */,
				53A696DD297C6D310029F92E /* Network.swift */,
				53E9093729B069B900452748 /* Database.swift */,
				5375155B2980436A004B00E7 /* UserDefaultsManager.swift */,
			);
			path = DataLayer;
			sourceTree = "<group>";
		};
		5318F5D3297A851000AF76DC /* PresentationLayer */ = {
			isa = PBXGroup;
			children = (
				53EC9A47298261430056C300 /* SplashViewController.swift */,
				5340DEE02982CD8C00ED51D1 /* LoginViewController.swift */,
				5318F5CE29796B4900AF76DC /* WebViewController.swift */,
				53EEAEF929A513F400403541 /* CustomTapRecognizer.swift */,
				5362F76229AA33EE00DA5F44 /* HomeView */,
				537B607C2996216A00ACA883 /* ModulesView */,
				537B60872996683800ACA883 /* RecordsView */,
				53964857299B7F5E00781CE4 /* RecordInfoView */,
				53EF7B0329921E27000B1FA1 /* FormView */,
				53E749F9299A6348000EE176 /* LookupTableView */,
				53EEAEF329A4A7A700403541 /* MultiSelectTableView */,
				5311864029A7968A004088DD /* TableBookingView */,
			);
			path = PresentationLayer;
			sourceTree = "<group>";
		};
		534DE57929B5B00100C229BD /* DataBaseService */ = {
			isa = PBXGroup;
			children = (
				534DE57C29B5B09200C229BD /* DatabaseService.swift */,
				534DE57A29B5B02A00C229BD /* ModulesDatabaseService.swift */,
				534DE59A29BAF8D200C229BD /* FieldsDatabaseService.swift */,
				534DE59429BA59B700C229BD /* UserDatabaseService.swift */,
				534DE59229BA57CC00C229BD /* RecordsDatabaseService.swift */,
				5301EF0229BE0F3300567753 /* RecordInfoDatabaseService.swift */,
				5301EF0429BE6B5100567753 /* BookingDatabaseService.swift */,
			);
			path = DataBaseService;
			sourceTree = "<group>";
		};
		5356AF0329A286CA00267943 /* DataContract */ = {
			isa = PBXGroup;
			children = (
				5356AF0429A2886B00267943 /* DataManagerContract.swift */,
			);
			path = DataContract;
			sourceTree = "<group>";
		};
		5356AF0C29A32D5C00267943 /* NetworkService */ = {
			isa = PBXGroup;
			children = (
				5356AF1429A3382100267943 /* ModulesNetworkService.swift */,
				5356AF0D29A32DDC00267943 /* RecordsNetworkService.swift */,
				5356AF1629A3393800267943 /* UserNetworkService.swift */,
				5356AF1829A3397100267943 /* FieldsNetworkService.swift */,
				531131BF29A79452006124AA /* RelatedListNetworkService.swift */,
				5311864729A7A66A004088DD /* BookingNetworkService.swift */,
				5301EF0B29BEFC8B00567753 /* EventBookingNetworkService.swift */,
				5356AF0F29A332B800267943 /* NetworkService.swift */,
			);
			path = NetworkService;
			sourceTree = "<group>";
		};
		5362F76229AA33EE00DA5F44 /* HomeView */ = {
			isa = PBXGroup;
			children = (
				531B11112980E558000FAF02 /* HomeViewController.swift */,
				5362F76529AA342C00DA5F44 /* MenuViewController.swift */,
			);
			path = HomeView;
			sourceTree = "<group>";
		};
		537B607C2996216A00ACA883 /* ModulesView */ = {
			isa = PBXGroup;
			children = (
				537B607D29962C3B00ACA883 /* ModulesTableViewController.swift */,
				537B607F29962C7E00ACA883 /* LabelTableViewCell.swift */,
			);
			path = ModulesView;
			sourceTree = "<group>";
		};
		537B60872996683800ACA883 /* RecordsView */ = {
			isa = PBXGroup;
			children = (
				537B60882996694700ACA883 /* RecordsTableViewController.swift */,
				537B608C299674E700ACA883 /* RecordsTableViewCell.swift */,
			);
			path = RecordsView;
			sourceTree = "<group>";
		};
		53964857299B7F5E00781CE4 /* RecordInfoView */ = {
			isa = PBXGroup;
			children = (
				53964858299B804000781CE4 /* RecordInfoTableViewController.swift */,
				53964863299BEFB500781CE4 /* RecordInfoTableViewCell.swift */,
			);
			path = RecordInfoView;
			sourceTree = "<group>";
		};
		53D273152977D20F001718BD = {
			isa = PBXGroup;
			children = (
				53D273202977D20F001718BD /* CRM Project */,
				53D2731F2977D20F001718BD /* Products */,
			);
			sourceTree = "<group>";
		};
		53D2731F2977D20F001718BD /* Products */ = {
			isa = PBXGroup;
			children = (
				53D2731E2977D20F001718BD /* Hotel Hub.app */,
			);
			name = Products;
			sourceTree = "<group>";
		};
		53D273202977D20F001718BD /* CRM Project */ = {
			isa = PBXGroup;
			children = (
				53F1EEAE29AB9DA100C17723 /* Colours */,
				53D273212977D20F001718BD /* AppDelegate.swift */,
				53D273232977D20F001718BD /* SceneDelegate.swift */,
				5318F5D3297A851000AF76DC /* PresentationLayer */,
				5311865029A8C551004088DD /* TableViewExtension.swift */,
				5301EF3829C0607A00567753 /* StringExtension.swift */,
				534DE58629B9B2DB00C229BD /* DateFormatterExtension.swift */,
				5318F5D0297A84D900AF76DC /* DomainLayer */,
				5318F5D2297A84F500AF76DC /* DataLayer */,
				53FF2CF129B3CF1A005ABB3A /* NetworkMonitor.swift */,
				5301EF3E29C060E700567753 /* Localizable.strings */,
				53D2732A2977D211001718BD /* Assets.xcassets */,
				53D2732F2977D211001718BD /* Info.plist */,
				537B6083299637DA00ACA883 /* json.json */,
				5396485F299BA76100781CE4 /* IndividualDataRespone.json */,
				537B609629989ADA00ACA883 /* FieldsRespone.json */,
				53E749FC299A7167000EE176 /* FieldRespone.json */,
				53CCE37729AE50A700245CF7 /* Storyboard.storyboard */,
			);
			path = "CRM Project";
			sourceTree = "<group>";
		};
		53E749F8299A0326000EE176 /* UseCase */ = {
			isa = PBXGroup;
			children = (
				5318F5D6297AB81E00AF76DC /* NetworkController.swift */,
				5356AF1E29A340D400267943 /* ModulesController.swift */,
				536AD436299E21FA00801158 /* UserDetailController.swift */,
				536AD438299E3EF400801158 /* RecordsController.swift */,
				5356AF1A29A33A8100267943 /* FieldsController.swift */,
				5311864929A7BBE8004088DD /* BookingController.swift */,
				5301EF0929BEFC2600567753 /* EventBookingController.swift */,
			);
			path = UseCase;
			sourceTree = "<group>";
		};
		53E749F9299A6348000EE176 /* LookupTableView */ = {
			isa = PBXGroup;
			children = (
				53F43A6C299ADABB002528BE /* RecordTableViewDelegate.swift */,
			);
			path = LookupTableView;
			sourceTree = "<group>";
		};
		53E9093C29B11D9500452748 /* DataManager */ = {
			isa = PBXGroup;
			children = (
				53E9093E29B11DAF00452748 /* ModulesDataManger.swift */,
				53E9094229B11DAF00452748 /* RecordsDataManager.swift */,
				53E9093F29B11DAF00452748 /* FieldsDataManager.swift */,
				53E9093D29B11DAF00452748 /* UserDataManager.swift */,
				534DE59C29BC6D0600C229BD /* TableBookingDataManager.swift */,
				5301EF0D29BEFEC500567753 /* EventDataManager.swift */,
			);
			path = DataManager;
			sourceTree = "<group>";
		};
		53EEAEF329A4A7A700403541 /* MultiSelectTableView */ = {
			isa = PBXGroup;
			children = (
				53EEAEF429A4A7C900403541 /* MultiSelectTableViewController.swift */,
			);
			path = MultiSelectTableView;
			sourceTree = "<group>";
		};
		53EF4A6529C978AD0077B977 /* Contract */ = {
			isa = PBXGroup;
			children = (
				53EF4A6629C979AE0077B977 /* ModuleContract.swift */,
				53EF4A6829C97BB60077B977 /* NetworkControllerContract.swift */,
				53EF4A6A29C9909F0077B977 /* UserDetailControllerContract.swift */,
				53EF4A8E29C9BE560077B977 /* RecordsContract.swift */,
				53EF4A9029C9C3840077B977 /* FieldsContract.swift */,
			);
			path = Contract;
			sourceTree = "<group>";
		};
		53EF7B0329921E27000B1FA1 /* FormView */ = {
			isa = PBXGroup;
			children = (
				53EF7B0429921E53000B1FA1 /* FormTableViewController.swift */,
				53EF7AFE29921E0B000B1FA1 /* FormTableViewCell.swift */,
				53EF7AFF29921E0B000B1FA1 /* FormTextField.swift */,
				537B60A02998B70100ACA883 /* BooleanTableViewCell.swift */,
				537B60A42998B70100ACA883 /* DoubleTableViewCell.swift */,
				537B60A22998B70100ACA883 /* EmailTableViewCell.swift */,
				537B60A12998B70100ACA883 /* IntegerTableViewCell.swift */,
				537B60A32998B70100ACA883 /* StringTableViewCell.swift */,
				53F43A6A299AD7C8002528BE /* LookupTableViewCell.swift */,
				53EEAEFB29A5402D00403541 /* PickListTableViewCell.swift */,
				53EEAEFD29A5EF4F00403541 /* TextAreaTableViewCell.swift */,
				53F1EEB129AC6E3200C17723 /* DateTableViewCell.swift */,
			);
			path = FormView;
			sourceTree = "<group>";
		};
		53EF7B0D29928CFD000B1FA1 /* Entities */ = {
			isa = PBXGroup;
			children = (
				53EF7B0E29928D0B000B1FA1 /* Field.swift */,
				537B608529963F8200ACA883 /* Module.swift */,
				537B608E29969BDE00ACA883 /* Record.swift */,
				537B60922997933A00ACA883 /* UserType.swift */,
				5311863E29A794B1004088DD /* RelatedList.swift */,
				5311864B29A884DF004088DD /* Table.swift */,
				5301EF0F29BF028200567753 /* Event.swift */,
				53F1EE8A29AB0BE900C17723 /* User.swift */,
			);
			path = Entities;
			sourceTree = "<group>";
		};
		53F1EEAE29AB9DA100C17723 /* Colours */ = {
			isa = PBXGroup;
			children = (
				53F1EEAF29AB9DB500C17723 /* UIColourExtension.swift */,
			);
			path = Colours;
			sourceTree = "<group>";
		};
/* End PBXGroup section */

/* Begin PBXNativeTarget section */
		53D2731D2977D20F001718BD /* CRM C */ = {
			isa = PBXNativeTarget;
			buildConfigurationList = 53D273322977D211001718BD /* Build configuration list for PBXNativeTarget "CRM C" */;
			buildPhases = (
				53D2731A2977D20F001718BD /* Sources */,
				53D2731B2977D20F001718BD /* Frameworks */,
				53D2731C2977D20F001718BD /* Resources */,
			);
			buildRules = (
			);
			dependencies = (
			);
			name = "CRM C";
			packageProductDependencies = (
			);
			productName = "CRM Project";
			productReference = 53D2731E2977D20F001718BD /* Hotel Hub.app */;
			productType = "com.apple.product-type.application";
		};
/* End PBXNativeTarget section */

/* Begin PBXProject section */
		53D273162977D20F001718BD /* Project object */ = {
			isa = PBXProject;
			attributes = {
				BuildIndependentTargetsInParallel = 1;
				LastSwiftUpdateCheck = 1410;
				LastUpgradeCheck = 1410;
				TargetAttributes = {
					53D2731D2977D20F001718BD = {
						CreatedOnToolsVersion = 14.1;
					};
				};
			};
			buildConfigurationList = 53D273192977D20F001718BD /* Build configuration list for PBXProject "CRM Project" */;
			compatibilityVersion = "Xcode 14.0";
			developmentRegion = en;
			hasScannedForEncodings = 0;
			knownRegions = (
				en,
				Base,
				ar,
			);
			mainGroup = 53D273152977D20F001718BD;
			packageReferences = (
				5311864D29A88796004088DD /* XCRemoteSwiftPackageReference "swift-collections" */,
			);
			productRefGroup = 53D2731F2977D20F001718BD /* Products */;
			projectDirPath = "";
			projectRoot = "";
			targets = (
				53D2731D2977D20F001718BD /* CRM C */,
			);
		};
/* End PBXProject section */

/* Begin PBXResourcesBuildPhase section */
		53D2731C2977D20F001718BD /* Resources */ = {
			isa = PBXResourcesBuildPhase;
			buildActionMask = 2147483647;
			files = (
				53D2732B2977D211001718BD /* Assets.xcassets in Resources */,
				53964860299BA76100781CE4 /* IndividualDataRespone.json in Resources */,
				537B609729989ADA00ACA883 /* FieldsRespone.json in Resources */,
				5301EF3C29C060E700567753 /* Localizable.strings in Resources */,
				537B6084299637DA00ACA883 /* json.json in Resources */,
				53E749FD299A7167000EE176 /* FieldRespone.json in Resources */,
				53CCE37829AE50A700245CF7 /* Storyboard.storyboard in Resources */,
			);
			runOnlyForDeploymentPostprocessing = 0;
		};
/* End PBXResourcesBuildPhase section */

/* Begin PBXSourcesBuildPhase section */
		53D2731A2977D20F001718BD /* Sources */ = {
			isa = PBXSourcesBuildPhase;
			buildActionMask = 2147483647;
			files = (
				537B60892996694700ACA883 /* RecordsTableViewController.swift in Sources */,
				53F43A6B299AD7C8002528BE /* LookupTableViewCell.swift in Sources */,
				534DE58729B9B2DB00C229BD /* DateFormatterExtension.swift in Sources */,
				53EF7B0529921E53000B1FA1 /* FormTableViewController.swift in Sources */,
				53EEAEF529A4A7C900403541 /* MultiSelectTableViewController.swift in Sources */,
				53EEAEFC29A5402D00403541 /* PickListTableViewCell.swift in Sources */,
				537B60932997933A00ACA883 /* UserType.swift in Sources */,
				531B11122980E558000FAF02 /* HomeViewController.swift in Sources */,
				5311864229A796AE004088DD /* DateAndTimeHeaderView.swift in Sources */,
				53EF7B0F29928D0B000B1FA1 /* Field.swift in Sources */,
				53A696DE297C6D310029F92E /* Network.swift in Sources */,
				5318F5D7297AB81E00AF76DC /* NetworkController.swift in Sources */,
				5311864A29A7BBE8004088DD /* BookingController.swift in Sources */,
				534DE59329BA57CC00C229BD /* RecordsDatabaseService.swift in Sources */,
				534DE59D29BC6D0600C229BD /* TableBookingDataManager.swift in Sources */,
				537B608629963F8200ACA883 /* Module.swift in Sources */,
				5301EF1029BF028200567753 /* Event.swift in Sources */,
				53EEAEFA29A513F400403541 /* CustomTapRecognizer.swift in Sources */,
				5356AF1729A3393800267943 /* UserNetworkService.swift in Sources */,
				53EF7B0229921E0C000B1FA1 /* FormTextField.swift in Sources */,
				53E9094429B11DAF00452748 /* ModulesDataManger.swift in Sources */,
				5311864C29A884DF004088DD /* Table.swift in Sources */,
				5301EF0329BE0F3300567753 /* RecordInfoDatabaseService.swift in Sources */,
				53EF4A6929C97BB60077B977 /* NetworkControllerContract.swift in Sources */,
				53EF4A9129C9C3840077B977 /* FieldsContract.swift in Sources */,
				5356AF1F29A340D400267943 /* ModulesController.swift in Sources */,
				5375155C2980436A004B00E7 /* UserDefaultsManager.swift in Sources */,
				536AD439299E3EF400801158 /* RecordsController.swift in Sources */,
				53964859299B804000781CE4 /* RecordInfoTableViewController.swift in Sources */,
				537B608F29969BDE00ACA883 /* Record.swift in Sources */,
				5356AF1929A3397100267943 /* FieldsNetworkService.swift in Sources */,
				53EC9A48298261430056C300 /* SplashViewController.swift in Sources */,
				5301EF0E29BEFEC500567753 /* EventDataManager.swift in Sources */,
				53FF2CF229B3CF1A005ABB3A /* NetworkMonitor.swift in Sources */,
				537B60A82998B70100ACA883 /* StringTableViewCell.swift in Sources */,
				534DE57B29B5B02A00C229BD /* ModulesDatabaseService.swift in Sources */,
				537B608D299674E700ACA883 /* RecordsTableViewCell.swift in Sources */,
				53F1EEB229AC6E3200C17723 /* DateTableViewCell.swift in Sources */,
				534DE59B29BAF8D200C229BD /* FieldsDatabaseService.swift in Sources */,
				537B60A62998B70100ACA883 /* IntegerTableViewCell.swift in Sources */,
				537B608029962C7E00ACA883 /* LabelTableViewCell.swift in Sources */,
				531131C029A79452006124AA /* RelatedListNetworkService.swift in Sources */,
				53E9094329B11DAF00452748 /* UserDataManager.swift in Sources */,
				5301EF0A29BEFC2600567753 /* EventBookingController.swift in Sources */,
				5356AF1529A3382100267943 /* ModulesNetworkService.swift in Sources */,
				537B60A52998B70100ACA883 /* BooleanTableViewCell.swift in Sources */,
				5356AF1029A332B800267943 /* NetworkService.swift in Sources */,
				537B607E29962C3B00ACA883 /* ModulesTableViewController.swift in Sources */,
				5356AF1229A3362C00267943 /* KeychainService.swift in Sources */,
				53E9094529B11DAF00452748 /* FieldsDataManager.swift in Sources */,
				53EF7B0129921E0C000B1FA1 /* FormTableViewCell.swift in Sources */,
				5356AF0529A2886B00267943 /* DataManagerContract.swift in Sources */,
				53E5B7BC29A953070079B567 /* PickerViewController.swift in Sources */,
				5301EF3929C0607A00567753 /* StringExtension.swift in Sources */,
				53A696DC297C6AD80029F92E /* KeyChain.swift in Sources */,
				5340DEE12982CD8C00ED51D1 /* LoginViewController.swift in Sources */,
				5356AF0E29A32DDC00267943 /* RecordsNetworkService.swift in Sources */,
				5362F76729AA342C00DA5F44 /* MenuViewController.swift in Sources */,
				53EF4A6B29C9909F0077B977 /* UserDetailControllerContract.swift in Sources */,
				5311864429A796F1004088DD /* TableBookingViewController.swift in Sources */,
				53D273222977D20F001718BD /* AppDelegate.swift in Sources */,
				5311864829A7A66A004088DD /* BookingNetworkService.swift in Sources */,
				53F1EE8B29AB0BE900C17723 /* User.swift in Sources */,
				5356AF1B29A33A8100267943 /* FieldsController.swift in Sources */,
				5311865129A8C551004088DD /* TableViewExtension.swift in Sources */,
				53EEAEFE29A5EF4F00403541 /* TextAreaTableViewCell.swift in Sources */,
				5301EF0C29BEFC8B00567753 /* EventBookingNetworkService.swift in Sources */,
				537B60A92998B70100ACA883 /* DoubleTableViewCell.swift in Sources */,
				5318F5CF29796B4900AF76DC /* WebViewController.swift in Sources */,
				53F1EEB029AB9DB500C17723 /* UIColourExtension.swift in Sources */,
				53EF4A6729C979AE0077B977 /* ModuleContract.swift in Sources */,
				534DE57D29B5B09200C229BD /* DatabaseService.swift in Sources */,
				537B60A72998B70100ACA883 /* EmailTableViewCell.swift in Sources */,
				53F43A6D299ADABB002528BE /* RecordTableViewDelegate.swift in Sources */,
				53D273242977D20F001718BD /* SceneDelegate.swift in Sources */,
				5300C47429A8DEA700706150 /* NoDataView.swift in Sources */,
				53EF4A8F29C9BE560077B977 /* RecordsContract.swift in Sources */,
				536AD437299E21FA00801158 /* UserDetailController.swift in Sources */,
				5301EF0529BE6B5100567753 /* BookingDatabaseService.swift in Sources */,
				5311863F29A794B1004088DD /* RelatedList.swift in Sources */,
				534DE59529BA59B700C229BD /* UserDatabaseService.swift in Sources */,
				53964864299BEFB500781CE4 /* RecordInfoTableViewCell.swift in Sources */,
				53E9093829B069B900452748 /* Database.swift in Sources */,
				53E9094829B11DAF00452748 /* RecordsDataManager.swift in Sources */,
			);
			runOnlyForDeploymentPostprocessing = 0;
		};
/* End PBXSourcesBuildPhase section */

/* Begin PBXVariantGroup section */
		5301EF3E29C060E700567753 /* Localizable.strings */ = {
			isa = PBXVariantGroup;
			children = (
				5301EF3D29C060E700567753 /* en */,
				5301EF3F29C061DD00567753 /* ar */,
			);
			name = Localizable.strings;
			sourceTree = "<group>";
		};
/* End PBXVariantGroup section */

/* Begin XCBuildConfiguration section */
		53D273302977D211001718BD /* Debug */ = {
			isa = XCBuildConfiguration;
			buildSettings = {
				ALWAYS_SEARCH_USER_PATHS = NO;
				CLANG_ANALYZER_LOCALIZABILITY_NONLOCALIZED = YES;
				CLANG_ANALYZER_NONNULL = YES;
				CLANG_ANALYZER_NUMBER_OBJECT_CONVERSION = YES_AGGRESSIVE;
				CLANG_CXX_LANGUAGE_STANDARD = "gnu++20";
				CLANG_ENABLE_MODULES = YES;
				CLANG_ENABLE_OBJC_ARC = YES;
				CLANG_ENABLE_OBJC_WEAK = YES;
				CLANG_WARN_BLOCK_CAPTURE_AUTORELEASING = YES;
				CLANG_WARN_BOOL_CONVERSION = YES;
				CLANG_WARN_COMMA = YES;
				CLANG_WARN_CONSTANT_CONVERSION = YES;
				CLANG_WARN_DEPRECATED_OBJC_IMPLEMENTATIONS = YES;
				CLANG_WARN_DIRECT_OBJC_ISA_USAGE = YES_ERROR;
				CLANG_WARN_DOCUMENTATION_COMMENTS = YES;
				CLANG_WARN_EMPTY_BODY = YES;
				CLANG_WARN_ENUM_CONVERSION = YES;
				CLANG_WARN_INFINITE_RECURSION = YES;
				CLANG_WARN_INT_CONVERSION = YES;
				CLANG_WARN_NON_LITERAL_NULL_CONVERSION = YES;
				CLANG_WARN_OBJC_IMPLICIT_RETAIN_SELF = YES;
				CLANG_WARN_OBJC_LITERAL_CONVERSION = YES;
				CLANG_WARN_OBJC_ROOT_CLASS = YES_ERROR;
				CLANG_WARN_QUOTED_INCLUDE_IN_FRAMEWORK_HEADER = YES;
				CLANG_WARN_RANGE_LOOP_ANALYSIS = YES;
				CLANG_WARN_STRICT_PROTOTYPES = YES;
				CLANG_WARN_SUSPICIOUS_MOVE = YES;
				CLANG_WARN_UNGUARDED_AVAILABILITY = YES_AGGRESSIVE;
				CLANG_WARN_UNREACHABLE_CODE = YES;
				CLANG_WARN__DUPLICATE_METHOD_MATCH = YES;
				COPY_PHASE_STRIP = NO;
				DEBUG_INFORMATION_FORMAT = dwarf;
				ENABLE_STRICT_OBJC_MSGSEND = YES;
				ENABLE_TESTABILITY = YES;
				GCC_C_LANGUAGE_STANDARD = gnu11;
				GCC_DYNAMIC_NO_PIC = NO;
				GCC_NO_COMMON_BLOCKS = YES;
				GCC_OPTIMIZATION_LEVEL = 0;
				GCC_PREPROCESSOR_DEFINITIONS = (
					"DEBUG=1",
					"$(inherited)",
				);
				GCC_WARN_64_TO_32_BIT_CONVERSION = YES;
				GCC_WARN_ABOUT_RETURN_TYPE = YES_ERROR;
				GCC_WARN_UNDECLARED_SELECTOR = YES;
				GCC_WARN_UNINITIALIZED_AUTOS = YES_AGGRESSIVE;
				GCC_WARN_UNUSED_FUNCTION = YES;
				GCC_WARN_UNUSED_VARIABLE = YES;
				IPHONEOS_DEPLOYMENT_TARGET = 16.1;
				MTL_ENABLE_DEBUG_INFO = INCLUDE_SOURCE;
				MTL_FAST_MATH = YES;
				ONLY_ACTIVE_ARCH = YES;
				SDKROOT = iphoneos;
				SWIFT_ACTIVE_COMPILATION_CONDITIONS = DEBUG;
				SWIFT_OPTIMIZATION_LEVEL = "-Onone";
			};
			name = Debug;
		};
		53D273312977D211001718BD /* Release */ = {
			isa = XCBuildConfiguration;
			buildSettings = {
				ALWAYS_SEARCH_USER_PATHS = NO;
				CLANG_ANALYZER_LOCALIZABILITY_NONLOCALIZED = YES;
				CLANG_ANALYZER_NONNULL = YES;
				CLANG_ANALYZER_NUMBER_OBJECT_CONVERSION = YES_AGGRESSIVE;
				CLANG_CXX_LANGUAGE_STANDARD = "gnu++20";
				CLANG_ENABLE_MODULES = YES;
				CLANG_ENABLE_OBJC_ARC = YES;
				CLANG_ENABLE_OBJC_WEAK = YES;
				CLANG_WARN_BLOCK_CAPTURE_AUTORELEASING = YES;
				CLANG_WARN_BOOL_CONVERSION = YES;
				CLANG_WARN_COMMA = YES;
				CLANG_WARN_CONSTANT_CONVERSION = YES;
				CLANG_WARN_DEPRECATED_OBJC_IMPLEMENTATIONS = YES;
				CLANG_WARN_DIRECT_OBJC_ISA_USAGE = YES_ERROR;
				CLANG_WARN_DOCUMENTATION_COMMENTS = YES;
				CLANG_WARN_EMPTY_BODY = YES;
				CLANG_WARN_ENUM_CONVERSION = YES;
				CLANG_WARN_INFINITE_RECURSION = YES;
				CLANG_WARN_INT_CONVERSION = YES;
				CLANG_WARN_NON_LITERAL_NULL_CONVERSION = YES;
				CLANG_WARN_OBJC_IMPLICIT_RETAIN_SELF = YES;
				CLANG_WARN_OBJC_LITERAL_CONVERSION = YES;
				CLANG_WARN_OBJC_ROOT_CLASS = YES_ERROR;
				CLANG_WARN_QUOTED_INCLUDE_IN_FRAMEWORK_HEADER = YES;
				CLANG_WARN_RANGE_LOOP_ANALYSIS = YES;
				CLANG_WARN_STRICT_PROTOTYPES = YES;
				CLANG_WARN_SUSPICIOUS_MOVE = YES;
				CLANG_WARN_UNGUARDED_AVAILABILITY = YES_AGGRESSIVE;
				CLANG_WARN_UNREACHABLE_CODE = YES;
				CLANG_WARN__DUPLICATE_METHOD_MATCH = YES;
				COPY_PHASE_STRIP = NO;
				DEBUG_INFORMATION_FORMAT = "dwarf-with-dsym";
				ENABLE_NS_ASSERTIONS = NO;
				ENABLE_STRICT_OBJC_MSGSEND = YES;
				GCC_C_LANGUAGE_STANDARD = gnu11;
				GCC_NO_COMMON_BLOCKS = YES;
				GCC_WARN_64_TO_32_BIT_CONVERSION = YES;
				GCC_WARN_ABOUT_RETURN_TYPE = YES_ERROR;
				GCC_WARN_UNDECLARED_SELECTOR = YES;
				GCC_WARN_UNINITIALIZED_AUTOS = YES_AGGRESSIVE;
				GCC_WARN_UNUSED_FUNCTION = YES;
				GCC_WARN_UNUSED_VARIABLE = YES;
				IPHONEOS_DEPLOYMENT_TARGET = 16.1;
				MTL_ENABLE_DEBUG_INFO = NO;
				MTL_FAST_MATH = YES;
				SDKROOT = iphoneos;
				SWIFT_COMPILATION_MODE = wholemodule;
				SWIFT_OPTIMIZATION_LEVEL = "-O";
				VALIDATE_PRODUCT = YES;
			};
			name = Release;
		};
		53D273332977D211001718BD /* Debug */ = {
			isa = XCBuildConfiguration;
			buildSettings = {
				ASSETCATALOG_COMPILER_APPICON_NAME = AppIcon;
				ASSETCATALOG_COMPILER_GLOBAL_ACCENT_COLOR_NAME = AccentColor;
				ASSETCATALOG_COMPILER_INCLUDE_ALL_APPICON_ASSETS = YES;
				CODE_SIGN_IDENTITY = "Apple Development";
				CODE_SIGN_STYLE = Automatic;
				CURRENT_PROJECT_VERSION = 1;
				DEVELOPMENT_TEAM = TPP3HP6WJ6;
				GENERATE_INFOPLIST_FILE = YES;
				INFOPLIST_FILE = "CRM Project/Info.plist";
				INFOPLIST_KEY_UIApplicationSupportsIndirectInputEvents = YES;
				INFOPLIST_KEY_UISupportedInterfaceOrientations_iPad = "UIInterfaceOrientationPortrait UIInterfaceOrientationPortraitUpsideDown UIInterfaceOrientationLandscapeLeft UIInterfaceOrientationLandscapeRight";
				INFOPLIST_KEY_UISupportedInterfaceOrientations_iPhone = "UIInterfaceOrientationPortrait UIInterfaceOrientationLandscapeLeft UIInterfaceOrientationLandscapeRight";
				IPHONEOS_DEPLOYMENT_TARGET = 15.0;
				LD_RUNPATH_SEARCH_PATHS = (
					"$(inherited)",
					"@executable_path/Frameworks",
				);
				MARKETING_VERSION = 1.0;
				PRODUCT_BUNDLE_IDENTIFIER = com.vtouch.zcrm.demo.hotelhub;
				PRODUCT_NAME = "Hotel Hub";
				PROVISIONING_PROFILE_SPECIFIER = "";
				SUPPORTED_PLATFORMS = "iphoneos iphonesimulator";
				SUPPORTS_MACCATALYST = NO;
				SUPPORTS_MAC_DESIGNED_FOR_IPHONE_IPAD = NO;
				SWIFT_EMIT_LOC_STRINGS = YES;
				SWIFT_VERSION = 5.0;
				TARGETED_DEVICE_FAMILY = "1,2";
			};
			name = Debug;
		};
		53D273342977D211001718BD /* Release */ = {
			isa = XCBuildConfiguration;
			buildSettings = {
				ASSETCATALOG_COMPILER_APPICON_NAME = AppIcon;
				ASSETCATALOG_COMPILER_GLOBAL_ACCENT_COLOR_NAME = AccentColor;
				ASSETCATALOG_COMPILER_INCLUDE_ALL_APPICON_ASSETS = YES;
				CODE_SIGN_IDENTITY = "Apple Development";
				CODE_SIGN_STYLE = Automatic;
				CURRENT_PROJECT_VERSION = 1;
				DEVELOPMENT_TEAM = TPP3HP6WJ6;
				GENERATE_INFOPLIST_FILE = YES;
				INFOPLIST_FILE = "CRM Project/Info.plist";
				INFOPLIST_KEY_UIApplicationSupportsIndirectInputEvents = YES;
				INFOPLIST_KEY_UISupportedInterfaceOrientations_iPad = "UIInterfaceOrientationPortrait UIInterfaceOrientationPortraitUpsideDown UIInterfaceOrientationLandscapeLeft UIInterfaceOrientationLandscapeRight";
				INFOPLIST_KEY_UISupportedInterfaceOrientations_iPhone = "UIInterfaceOrientationPortrait UIInterfaceOrientationLandscapeLeft UIInterfaceOrientationLandscapeRight";
				IPHONEOS_DEPLOYMENT_TARGET = 15.0;
				LD_RUNPATH_SEARCH_PATHS = (
					"$(inherited)",
					"@executable_path/Frameworks",
				);
				MARKETING_VERSION = 1.0;
				PRODUCT_BUNDLE_IDENTIFIER = com.vtouch.zcrm.demo.hotelhub;
				PRODUCT_NAME = "Hotel Hub";
				PROVISIONING_PROFILE_SPECIFIER = "";
				SUPPORTED_PLATFORMS = "iphoneos iphonesimulator";
				SUPPORTS_MACCATALYST = NO;
				SUPPORTS_MAC_DESIGNED_FOR_IPHONE_IPAD = NO;
				SWIFT_EMIT_LOC_STRINGS = YES;
				SWIFT_VERSION = 5.0;
				TARGETED_DEVICE_FAMILY = "1,2";
			};
			name = Release;
		};
/* End XCBuildConfiguration section */

/* Begin XCConfigurationList section */
		53D273192977D20F001718BD /* Build configuration list for PBXProject "CRM Project" */ = {
			isa = XCConfigurationList;
			buildConfigurations = (
				53D273302977D211001718BD /* Debug */,
				53D273312977D211001718BD /* Release */,
			);
			defaultConfigurationIsVisible = 0;
			defaultConfigurationName = Release;
		};
		53D273322977D211001718BD /* Build configuration list for PBXNativeTarget "CRM C" */ = {
			isa = XCConfigurationList;
			buildConfigurations = (
				53D273332977D211001718BD /* Debug */,
				53D273342977D211001718BD /* Release */,
			);
			defaultConfigurationIsVisible = 0;
			defaultConfigurationName = Release;
		};
/* End XCConfigurationList section */

/* Begin XCRemoteSwiftPackageReference section */
		5311864D29A88796004088DD /* XCRemoteSwiftPackageReference "swift-collections" */ = {
			isa = XCRemoteSwiftPackageReference;
			repositoryURL = "https://github.com/apple/swift-collections.git";
			requirement = {
				kind = upToNextMajorVersion;
				minimumVersion = 1.0.0;
			};
		};
/* End XCRemoteSwiftPackageReference section */
	};
	rootObject = 53D273162977D20F001718BD /* Project object */;
}
