// !$*UTF8*$!
{
	archiveVersion = 1;
	classes = {
	};
	objectVersion = 56;
	objects = {

/* Begin PBXBuildFile section */
		5318F5CF29796B4900AF76DC /* WebViewController.swift in Sources */ = {isa = PBXBuildFile; fileRef = 5318F5CE29796B4900AF76DC /* WebViewController.swift */; };
		5318F5D5297A85A000AF76DC /* DataManager.swift in Sources */ = {isa = PBXBuildFile; fileRef = 5318F5D4297A85A000AF76DC /* DataManager.swift */; };
		5318F5D7297AB81E00AF76DC /* NetworkController.swift in Sources */ = {isa = PBXBuildFile; fileRef = 5318F5D6297AB81E00AF76DC /* NetworkController.swift */; };
		5318F5D9297ABE0D00AF76DC /* DatabaseController.swift in Sources */ = {isa = PBXBuildFile; fileRef = 5318F5D8297ABE0D00AF76DC /* DatabaseController.swift */; };
		531ADF162989344C00BA3B58 /* UserController.swift in Sources */ = {isa = PBXBuildFile; fileRef = 531ADF152989344C00BA3B58 /* UserController.swift */; };
		531B11122980E558000FAF02 /* LoggedInViewController.swift in Sources */ = {isa = PBXBuildFile; fileRef = 531B11112980E558000FAF02 /* LoggedInViewController.swift */; };
		5340DEE12982CD8C00ED51D1 /* ViewController.swift in Sources */ = {isa = PBXBuildFile; fileRef = 5340DEE02982CD8C00ED51D1 /* ViewController.swift */; };
		5375155C2980436A004B00E7 /* UserDefaultsManager.swift in Sources */ = {isa = PBXBuildFile; fileRef = 5375155B2980436A004B00E7 /* UserDefaultsManager.swift */; };
		537B607E29962C3B00ACA883 /* ModuleTableViewController.swift in Sources */ = {isa = PBXBuildFile; fileRef = 537B607D29962C3B00ACA883 /* ModuleTableViewController.swift */; };
		537B608029962C7E00ACA883 /* ModuleTableViewCell.swift in Sources */ = {isa = PBXBuildFile; fileRef = 537B607F29962C7E00ACA883 /* ModuleTableViewCell.swift */; };
		537B6082299635A000ACA883 /* ModulePresenter.swift in Sources */ = {isa = PBXBuildFile; fileRef = 537B6081299635A000ACA883 /* ModulePresenter.swift */; };
		537B6084299637DA00ACA883 /* json.json in Resources */ = {isa = PBXBuildFile; fileRef = 537B6083299637DA00ACA883 /* json.json */; };
		537B608629963F8200ACA883 /* Module.swift in Sources */ = {isa = PBXBuildFile; fileRef = 537B608529963F8200ACA883 /* Module.swift */; };
		53A696DC297C6AD80029F92E /* KeyChainManager.swift in Sources */ = {isa = PBXBuildFile; fileRef = 53A696DB297C6AD80029F92E /* KeyChainManager.swift */; };
		53A696DE297C6D310029F92E /* NetworkManager.swift in Sources */ = {isa = PBXBuildFile; fileRef = 53A696DD297C6D310029F92E /* NetworkManager.swift */; };
		53D1C9B1297BAB2500DA09B4 /* KeyChainController.swift in Sources */ = {isa = PBXBuildFile; fileRef = 53D1C9B0297BAB2500DA09B4 /* KeyChainController.swift */; };
		53D273222977D20F001718BD /* AppDelegate.swift in Sources */ = {isa = PBXBuildFile; fileRef = 53D273212977D20F001718BD /* AppDelegate.swift */; };
		53D273242977D20F001718BD /* SceneDelegate.swift in Sources */ = {isa = PBXBuildFile; fileRef = 53D273232977D20F001718BD /* SceneDelegate.swift */; };
		53D2732B2977D211001718BD /* Assets.xcassets in Resources */ = {isa = PBXBuildFile; fileRef = 53D2732A2977D211001718BD /* Assets.xcassets */; };
		53EC9A48298261430056C300 /* SplashViewController.swift in Sources */ = {isa = PBXBuildFile; fileRef = 53EC9A47298261430056C300 /* SplashViewController.swift */; };
		53EF7B0129921E0C000B1FA1 /* FormTableViewCell.swift in Sources */ = {isa = PBXBuildFile; fileRef = 53EF7AFE29921E0B000B1FA1 /* FormTableViewCell.swift */; };
		53EF7B0229921E0C000B1FA1 /* FormTextField.swift in Sources */ = {isa = PBXBuildFile; fileRef = 53EF7AFF29921E0B000B1FA1 /* FormTextField.swift */; };
		53EF7B0529921E53000B1FA1 /* FormTableViewController.swift in Sources */ = {isa = PBXBuildFile; fileRef = 53EF7B0429921E53000B1FA1 /* FormTableViewController.swift */; };
		53EF7B0C299251F9000B1FA1 /* FormPresenter.swift in Sources */ = {isa = PBXBuildFile; fileRef = 53EF7B0B299251F9000B1FA1 /* FormPresenter.swift */; };
		53EF7B0F29928D0B000B1FA1 /* Field.swift in Sources */ = {isa = PBXBuildFile; fileRef = 53EF7B0E29928D0B000B1FA1 /* Field.swift */; };
/* End PBXBuildFile section */

/* Begin PBXFileReference section */
		5318F5CE29796B4900AF76DC /* WebViewController.swift */ = {isa = PBXFileReference; lastKnownFileType = sourcecode.swift; path = WebViewController.swift; sourceTree = "<group>"; };
		5318F5D4297A85A000AF76DC /* DataManager.swift */ = {isa = PBXFileReference; lastKnownFileType = sourcecode.swift; path = DataManager.swift; sourceTree = "<group>"; };
		5318F5D6297AB81E00AF76DC /* NetworkController.swift */ = {isa = PBXFileReference; lastKnownFileType = sourcecode.swift; path = NetworkController.swift; sourceTree = "<group>"; };
		5318F5D8297ABE0D00AF76DC /* DatabaseController.swift */ = {isa = PBXFileReference; lastKnownFileType = sourcecode.swift; path = DatabaseController.swift; sourceTree = "<group>"; };
		531ADF152989344C00BA3B58 /* UserController.swift */ = {isa = PBXFileReference; lastKnownFileType = sourcecode.swift; path = UserController.swift; sourceTree = "<group>"; };
		531B11112980E558000FAF02 /* LoggedInViewController.swift */ = {isa = PBXFileReference; lastKnownFileType = sourcecode.swift; path = LoggedInViewController.swift; sourceTree = "<group>"; };
		5340DEE02982CD8C00ED51D1 /* ViewController.swift */ = {isa = PBXFileReference; fileEncoding = 4; lastKnownFileType = sourcecode.swift; path = ViewController.swift; sourceTree = "<group>"; };
		5375155B2980436A004B00E7 /* UserDefaultsManager.swift */ = {isa = PBXFileReference; lastKnownFileType = sourcecode.swift; path = UserDefaultsManager.swift; sourceTree = "<group>"; };
		537B607D29962C3B00ACA883 /* ModuleTableViewController.swift */ = {isa = PBXFileReference; lastKnownFileType = sourcecode.swift; path = ModuleTableViewController.swift; sourceTree = "<group>"; };
		537B607F29962C7E00ACA883 /* ModuleTableViewCell.swift */ = {isa = PBXFileReference; lastKnownFileType = sourcecode.swift; path = ModuleTableViewCell.swift; sourceTree = "<group>"; };
		537B6081299635A000ACA883 /* ModulePresenter.swift */ = {isa = PBXFileReference; lastKnownFileType = sourcecode.swift; path = ModulePresenter.swift; sourceTree = "<group>"; };
		537B6083299637DA00ACA883 /* json.json */ = {isa = PBXFileReference; lastKnownFileType = text.json; path = json.json; sourceTree = "<group>"; };
		537B608529963F8200ACA883 /* Module.swift */ = {isa = PBXFileReference; lastKnownFileType = sourcecode.swift; path = Module.swift; sourceTree = "<group>"; };
		53A696DB297C6AD80029F92E /* KeyChainManager.swift */ = {isa = PBXFileReference; lastKnownFileType = sourcecode.swift; path = KeyChainManager.swift; sourceTree = "<group>"; };
		53A696DD297C6D310029F92E /* NetworkManager.swift */ = {isa = PBXFileReference; lastKnownFileType = sourcecode.swift; path = NetworkManager.swift; sourceTree = "<group>"; };
		53D1C9B0297BAB2500DA09B4 /* KeyChainController.swift */ = {isa = PBXFileReference; lastKnownFileType = sourcecode.swift; path = KeyChainController.swift; sourceTree = "<group>"; };
		53D2731E2977D20F001718BD /* CRM Project.app */ = {isa = PBXFileReference; explicitFileType = wrapper.application; includeInIndex = 0; path = "CRM Project.app"; sourceTree = BUILT_PRODUCTS_DIR; };
		53D273212977D20F001718BD /* AppDelegate.swift */ = {isa = PBXFileReference; lastKnownFileType = sourcecode.swift; path = AppDelegate.swift; sourceTree = "<group>"; };
		53D273232977D20F001718BD /* SceneDelegate.swift */ = {isa = PBXFileReference; lastKnownFileType = sourcecode.swift; path = SceneDelegate.swift; sourceTree = "<group>"; };
		53D2732A2977D211001718BD /* Assets.xcassets */ = {isa = PBXFileReference; lastKnownFileType = folder.assetcatalog; path = Assets.xcassets; sourceTree = "<group>"; };
		53D2732F2977D211001718BD /* Info.plist */ = {isa = PBXFileReference; lastKnownFileType = text.plist.xml; path = Info.plist; sourceTree = "<group>"; };
		53EC9A47298261430056C300 /* SplashViewController.swift */ = {isa = PBXFileReference; lastKnownFileType = sourcecode.swift; path = SplashViewController.swift; sourceTree = "<group>"; };
		53EF7AFE29921E0B000B1FA1 /* FormTableViewCell.swift */ = {isa = PBXFileReference; fileEncoding = 4; lastKnownFileType = sourcecode.swift; path = FormTableViewCell.swift; sourceTree = "<group>"; };
		53EF7AFF29921E0B000B1FA1 /* FormTextField.swift */ = {isa = PBXFileReference; fileEncoding = 4; lastKnownFileType = sourcecode.swift; path = FormTextField.swift; sourceTree = "<group>"; };
		53EF7B0429921E53000B1FA1 /* FormTableViewController.swift */ = {isa = PBXFileReference; lastKnownFileType = sourcecode.swift; path = FormTableViewController.swift; sourceTree = "<group>"; };
		53EF7B0B299251F9000B1FA1 /* FormPresenter.swift */ = {isa = PBXFileReference; lastKnownFileType = sourcecode.swift; path = FormPresenter.swift; sourceTree = "<group>"; };
		53EF7B0E29928D0B000B1FA1 /* Field.swift */ = {isa = PBXFileReference; lastKnownFileType = sourcecode.swift; path = Field.swift; sourceTree = "<group>"; };
/* End PBXFileReference section */

/* Begin PBXFrameworksBuildPhase section */
		53D2731B2977D20F001718BD /* Frameworks */ = {
			isa = PBXFrameworksBuildPhase;
			buildActionMask = 2147483647;
			files = (
			);
			runOnlyForDeploymentPostprocessing = 0;
		};
/* End PBXFrameworksBuildPhase section */

/* Begin PBXGroup section */
		5318F5D0297A84D900AF76DC /* DomainLayer */ = {
			isa = PBXGroup;
			children = (
				53EF7B0D29928CFD000B1FA1 /* Entities */,
				5318F5D6297AB81E00AF76DC /* NetworkController.swift */,
				531ADF152989344C00BA3B58 /* UserController.swift */,
				5318F5D8297ABE0D00AF76DC /* DatabaseController.swift */,
				53D1C9B0297BAB2500DA09B4 /* KeyChainController.swift */,
			);
			path = DomainLayer;
			sourceTree = "<group>";
		};
		5318F5D2297A84F500AF76DC /* DataLayer */ = {
			isa = PBXGroup;
			children = (
				5318F5D4297A85A000AF76DC /* DataManager.swift */,
				53A696DB297C6AD80029F92E /* KeyChainManager.swift */,
				53A696DD297C6D310029F92E /* NetworkManager.swift */,
				5375155B2980436A004B00E7 /* UserDefaultsManager.swift */,
			);
			path = DataLayer;
			sourceTree = "<group>";
		};
		5318F5D3297A851000AF76DC /* PresentationLayer */ = {
			isa = PBXGroup;
			children = (
				53EC9A47298261430056C300 /* SplashViewController.swift */,
				5340DEE02982CD8C00ED51D1 /* ViewController.swift */,
				531B11112980E558000FAF02 /* LoggedInViewController.swift */,
				5318F5CE29796B4900AF76DC /* WebViewController.swift */,
				537B60872996683800ACA883 /* RecordsView */,
				537B607C2996216A00ACA883 /* ModulesView */,
				53EF7B0329921E27000B1FA1 /* FormView */,
				53EF7B0A299251E0000B1FA1 /* Presenter */,
			);
			path = PresentationLayer;
			sourceTree = "<group>";
		};
		537B607C2996216A00ACA883 /* ModulesView */ = {
			isa = PBXGroup;
			children = (
				537B607D29962C3B00ACA883 /* ModuleTableViewController.swift */,
				537B607F29962C7E00ACA883 /* ModuleTableViewCell.swift */,
			);
			path = ModulesView;
			sourceTree = "<group>";
		};
		537B60872996683800ACA883 /* RecordsView */ = {
			isa = PBXGroup;
			children = (
			);
			path = RecordsView;
			sourceTree = "<group>";
		};
		53D273152977D20F001718BD = {
			isa = PBXGroup;
			children = (
				53D273202977D20F001718BD /* CRM Project */,
				53D2731F2977D20F001718BD /* Products */,
			);
			sourceTree = "<group>";
		};
		53D2731F2977D20F001718BD /* Products */ = {
			isa = PBXGroup;
			children = (
				53D2731E2977D20F001718BD /* CRM Project.app */,
			);
			name = Products;
			sourceTree = "<group>";
		};
		53D273202977D20F001718BD /* CRM Project */ = {
			isa = PBXGroup;
			children = (
				53D273212977D20F001718BD /* AppDelegate.swift */,
				53D273232977D20F001718BD /* SceneDelegate.swift */,
				5318F5D3297A851000AF76DC /* PresentationLayer */,
				5318F5D0297A84D900AF76DC /* DomainLayer */,
				5318F5D2297A84F500AF76DC /* DataLayer */,
				53D2732A2977D211001718BD /* Assets.xcassets */,
				53D2732F2977D211001718BD /* Info.plist */,
				537B6083299637DA00ACA883 /* json.json */,
			);
			path = "CRM Project";
			sourceTree = "<group>";
		};
		53EF7B0329921E27000B1FA1 /* FormView */ = {
			isa = PBXGroup;
			children = (
				53EF7AFE29921E0B000B1FA1 /* FormTableViewCell.swift */,
				53EF7B0429921E53000B1FA1 /* FormTableViewController.swift */,
				53EF7AFF29921E0B000B1FA1 /* FormTextField.swift */,
			);
			path = FormView;
			sourceTree = "<group>";
		};
		53EF7B0A299251E0000B1FA1 /* Presenter */ = {
			isa = PBXGroup;
			children = (
				53EF7B0B299251F9000B1FA1 /* FormPresenter.swift */,
				537B6081299635A000ACA883 /* ModulePresenter.swift */,
			);
			path = Presenter;
			sourceTree = "<group>";
		};
		53EF7B0D29928CFD000B1FA1 /* Entities */ = {
			isa = PBXGroup;
			children = (
				53EF7B0E29928D0B000B1FA1 /* Field.swift */,
				537B608529963F8200ACA883 /* Module.swift */,
			);
			path = Entities;
			sourceTree = "<group>";
		};
/* End PBXGroup section */

/* Begin PBXNativeTarget section */
		53D2731D2977D20F001718BD /* CRM Project */ = {
			isa = PBXNativeTarget;
			buildConfigurationList = 53D273322977D211001718BD /* Build configuration list for PBXNativeTarget "CRM Project" */;
			buildPhases = (
				53D2731A2977D20F001718BD /* Sources */,
				53D2731B2977D20F001718BD /* Frameworks */,
				53D2731C2977D20F001718BD /* Resources */,
			);
			buildRules = (
			);
			dependencies = (
			);
			name = "CRM Project";
			productName = "CRM Project";
			productReference = 53D2731E2977D20F001718BD /* CRM Project.app */;
			productType = "com.apple.product-type.application";
		};
/* End PBXNativeTarget section */

/* Begin PBXProject section */
		53D273162977D20F001718BD /* Project object */ = {
			isa = PBXProject;
			attributes = {
				BuildIndependentTargetsInParallel = 1;
				LastSwiftUpdateCheck = 1410;
				LastUpgradeCheck = 1410;
				TargetAttributes = {
					53D2731D2977D20F001718BD = {
						CreatedOnToolsVersion = 14.1;
					};
				};
			};
			buildConfigurationList = 53D273192977D20F001718BD /* Build configuration list for PBXProject "CRM Project" */;
			compatibilityVersion = "Xcode 14.0";
			developmentRegion = en;
			hasScannedForEncodings = 0;
			knownRegions = (
				en,
				Base,
			);
			mainGroup = 53D273152977D20F001718BD;
			productRefGroup = 53D2731F2977D20F001718BD /* Products */;
			projectDirPath = "";
			projectRoot = "";
			targets = (
				53D2731D2977D20F001718BD /* CRM Project */,
			);
		};
/* End PBXProject section */

/* Begin PBXResourcesBuildPhase section */
		53D2731C2977D20F001718BD /* Resources */ = {
			isa = PBXResourcesBuildPhase;
			buildActionMask = 2147483647;
			files = (
				53D2732B2977D211001718BD /* Assets.xcassets in Resources */,
				537B6084299637DA00ACA883 /* json.json in Resources */,
			);
			runOnlyForDeploymentPostprocessing = 0;
		};
/* End PBXResourcesBuildPhase section */

/* Begin PBXSourcesBuildPhase section */
		53D2731A2977D20F001718BD /* Sources */ = {
			isa = PBXSourcesBuildPhase;
			buildActionMask = 2147483647;
			files = (
				53EF7B0529921E53000B1FA1 /* FormTableViewController.swift in Sources */,
				531B11122980E558000FAF02 /* LoggedInViewController.swift in Sources */,
				5318F5D5297A85A000AF76DC /* DataManager.swift in Sources */,
				53EF7B0F29928D0B000B1FA1 /* Field.swift in Sources */,
				53A696DE297C6D310029F92E /* NetworkManager.swift in Sources */,
				5318F5D7297AB81E00AF76DC /* NetworkController.swift in Sources */,
				531ADF162989344C00BA3B58 /* UserController.swift in Sources */,
				537B608629963F8200ACA883 /* Module.swift in Sources */,
				53EF7B0229921E0C000B1FA1 /* FormTextField.swift in Sources */,
				5375155C2980436A004B00E7 /* UserDefaultsManager.swift in Sources */,
				53EC9A48298261430056C300 /* SplashViewController.swift in Sources */,
				537B6082299635A000ACA883 /* ModulePresenter.swift in Sources */,
				537B608029962C7E00ACA883 /* ModuleTableViewCell.swift in Sources */,
				53D1C9B1297BAB2500DA09B4 /* KeyChainController.swift in Sources */,
				537B607E29962C3B00ACA883 /* ModuleTableViewController.swift in Sources */,
				53EF7B0129921E0C000B1FA1 /* FormTableViewCell.swift in Sources */,
				53A696DC297C6AD80029F92E /* KeyChainManager.swift in Sources */,
				5340DEE12982CD8C00ED51D1 /* ViewController.swift in Sources */,
				53D273222977D20F001718BD /* AppDelegate.swift in Sources */,
				5318F5CF29796B4900AF76DC /* WebViewController.swift in Sources */,
				53D273242977D20F001718BD /* SceneDelegate.swift in Sources */,
				5318F5D9297ABE0D00AF76DC /* DatabaseController.swift in Sources */,
				53EF7B0C299251F9000B1FA1 /* FormPresenter.swift in Sources */,
			);
			runOnlyForDeploymentPostprocessing = 0;
		};
/* End PBXSourcesBuildPhase section */

/* Begin XCBuildConfiguration section */
		53D273302977D211001718BD /* Debug */ = {
			isa = XCBuildConfiguration;
			buildSettings = {
				ALWAYS_SEARCH_USER_PATHS = NO;
				CLANG_ANALYZER_NONNULL = YES;
				CLANG_ANALYZER_NUMBER_OBJECT_CONVERSION = YES_AGGRESSIVE;
				CLANG_CXX_LANGUAGE_STANDARD = "gnu++20";
				CLANG_ENABLE_MODULES = YES;
				CLANG_ENABLE_OBJC_ARC = YES;
				CLANG_ENABLE_OBJC_WEAK = YES;
				CLANG_WARN_BLOCK_CAPTURE_AUTORELEASING = YES;
				CLANG_WARN_BOOL_CONVERSION = YES;
				CLANG_WARN_COMMA = YES;
				CLANG_WARN_CONSTANT_CONVERSION = YES;
				CLANG_WARN_DEPRECATED_OBJC_IMPLEMENTATIONS = YES;
				CLANG_WARN_DIRECT_OBJC_ISA_USAGE = YES_ERROR;
				CLANG_WARN_DOCUMENTATION_COMMENTS = YES;
				CLANG_WARN_EMPTY_BODY = YES;
				CLANG_WARN_ENUM_CONVERSION = YES;
				CLANG_WARN_INFINITE_RECURSION = YES;
				CLANG_WARN_INT_CONVERSION = YES;
				CLANG_WARN_NON_LITERAL_NULL_CONVERSION = YES;
				CLANG_WARN_OBJC_IMPLICIT_RETAIN_SELF = YES;
				CLANG_WARN_OBJC_LITERAL_CONVERSION = YES;
				CLANG_WARN_OBJC_ROOT_CLASS = YES_ERROR;
				CLANG_WARN_QUOTED_INCLUDE_IN_FRAMEWORK_HEADER = YES;
				CLANG_WARN_RANGE_LOOP_ANALYSIS = YES;
				CLANG_WARN_STRICT_PROTOTYPES = YES;
				CLANG_WARN_SUSPICIOUS_MOVE = YES;
				CLANG_WARN_UNGUARDED_AVAILABILITY = YES_AGGRESSIVE;
				CLANG_WARN_UNREACHABLE_CODE = YES;
				CLANG_WARN__DUPLICATE_METHOD_MATCH = YES;
				COPY_PHASE_STRIP = NO;
				DEBUG_INFORMATION_FORMAT = dwarf;
				ENABLE_STRICT_OBJC_MSGSEND = YES;
				ENABLE_TESTABILITY = YES;
				GCC_C_LANGUAGE_STANDARD = gnu11;
				GCC_DYNAMIC_NO_PIC = NO;
				GCC_NO_COMMON_BLOCKS = YES;
				GCC_OPTIMIZATION_LEVEL = 0;
				GCC_PREPROCESSOR_DEFINITIONS = (
					"DEBUG=1",
					"$(inherited)",
				);
				GCC_WARN_64_TO_32_BIT_CONVERSION = YES;
				GCC_WARN_ABOUT_RETURN_TYPE = YES_ERROR;
				GCC_WARN_UNDECLARED_SELECTOR = YES;
				GCC_WARN_UNINITIALIZED_AUTOS = YES_AGGRESSIVE;
				GCC_WARN_UNUSED_FUNCTION = YES;
				GCC_WARN_UNUSED_VARIABLE = YES;
				IPHONEOS_DEPLOYMENT_TARGET = 16.1;
				MTL_ENABLE_DEBUG_INFO = INCLUDE_SOURCE;
				MTL_FAST_MATH = YES;
				ONLY_ACTIVE_ARCH = YES;
				SDKROOT = iphoneos;
				SWIFT_ACTIVE_COMPILATION_CONDITIONS = DEBUG;
				SWIFT_OPTIMIZATION_LEVEL = "-Onone";
			};
			name = Debug;
		};
		53D273312977D211001718BD /* Release */ = {
			isa = XCBuildConfiguration;
			buildSettings = {
				ALWAYS_SEARCH_USER_PATHS = NO;
				CLANG_ANALYZER_NONNULL = YES;
				CLANG_ANALYZER_NUMBER_OBJECT_CONVERSION = YES_AGGRESSIVE;
				CLANG_CXX_LANGUAGE_STANDARD = "gnu++20";
				CLANG_ENABLE_MODULES = YES;
				CLANG_ENABLE_OBJC_ARC = YES;
				CLANG_ENABLE_OBJC_WEAK = YES;
				CLANG_WARN_BLOCK_CAPTURE_AUTORELEASING = YES;
				CLANG_WARN_BOOL_CONVERSION = YES;
				CLANG_WARN_COMMA = YES;
				CLANG_WARN_CONSTANT_CONVERSION = YES;
				CLANG_WARN_DEPRECATED_OBJC_IMPLEMENTATIONS = YES;
				CLANG_WARN_DIRECT_OBJC_ISA_USAGE = YES_ERROR;
				CLANG_WARN_DOCUMENTATION_COMMENTS = YES;
				CLANG_WARN_EMPTY_BODY = YES;
				CLANG_WARN_ENUM_CONVERSION = YES;
				CLANG_WARN_INFINITE_RECURSION = YES;
				CLANG_WARN_INT_CONVERSION = YES;
				CLANG_WARN_NON_LITERAL_NULL_CONVERSION = YES;
				CLANG_WARN_OBJC_IMPLICIT_RETAIN_SELF = YES;
				CLANG_WARN_OBJC_LITERAL_CONVERSION = YES;
				CLANG_WARN_OBJC_ROOT_CLASS = YES_ERROR;
				CLANG_WARN_QUOTED_INCLUDE_IN_FRAMEWORK_HEADER = YES;
				CLANG_WARN_RANGE_LOOP_ANALYSIS = YES;
				CLANG_WARN_STRICT_PROTOTYPES = YES;
				CLANG_WARN_SUSPICIOUS_MOVE = YES;
				CLANG_WARN_UNGUARDED_AVAILABILITY = YES_AGGRESSIVE;
				CLANG_WARN_UNREACHABLE_CODE = YES;
				CLANG_WARN__DUPLICATE_METHOD_MATCH = YES;
				COPY_PHASE_STRIP = NO;
				DEBUG_INFORMATION_FORMAT = "dwarf-with-dsym";
				ENABLE_NS_ASSERTIONS = NO;
				ENABLE_STRICT_OBJC_MSGSEND = YES;
				GCC_C_LANGUAGE_STANDARD = gnu11;
				GCC_NO_COMMON_BLOCKS = YES;
				GCC_WARN_64_TO_32_BIT_CONVERSION = YES;
				GCC_WARN_ABOUT_RETURN_TYPE = YES_ERROR;
				GCC_WARN_UNDECLARED_SELECTOR = YES;
				GCC_WARN_UNINITIALIZED_AUTOS = YES_AGGRESSIVE;
				GCC_WARN_UNUSED_FUNCTION = YES;
				GCC_WARN_UNUSED_VARIABLE = YES;
				IPHONEOS_DEPLOYMENT_TARGET = 16.1;
				MTL_ENABLE_DEBUG_INFO = NO;
				MTL_FAST_MATH = YES;
				SDKROOT = iphoneos;
				SWIFT_COMPILATION_MODE = wholemodule;
				SWIFT_OPTIMIZATION_LEVEL = "-O";
				VALIDATE_PRODUCT = YES;
			};
			name = Release;
		};
		53D273332977D211001718BD /* Debug */ = {
			isa = XCBuildConfiguration;
			buildSettings = {
				ASSETCATALOG_COMPILER_APPICON_NAME = AppIcon;
				ASSETCATALOG_COMPILER_GLOBAL_ACCENT_COLOR_NAME = AccentColor;
				CODE_SIGN_STYLE = Automatic;
				CURRENT_PROJECT_VERSION = 1;
				DEVELOPMENT_TEAM = TPP3HP6WJ6;
				GENERATE_INFOPLIST_FILE = YES;
				INFOPLIST_FILE = "CRM Project/Info.plist";
				INFOPLIST_KEY_UIApplicationSupportsIndirectInputEvents = YES;
				INFOPLIST_KEY_UIMainStoryboardFile = "";
				INFOPLIST_KEY_UISupportedInterfaceOrientations_iPad = "UIInterfaceOrientationPortrait UIInterfaceOrientationPortraitUpsideDown UIInterfaceOrientationLandscapeLeft UIInterfaceOrientationLandscapeRight";
				INFOPLIST_KEY_UISupportedInterfaceOrientations_iPhone = "UIInterfaceOrientationPortrait UIInterfaceOrientationLandscapeLeft UIInterfaceOrientationLandscapeRight";
				LD_RUNPATH_SEARCH_PATHS = (
					"$(inherited)",
					"@executable_path/Frameworks",
				);
				MARKETING_VERSION = 1.0;
				PRODUCT_BUNDLE_IDENTIFIER = "guhan.CRM-Project";
				PRODUCT_NAME = "$(TARGET_NAME)";
				SUPPORTED_PLATFORMS = "iphoneos iphonesimulator";
				SUPPORTS_MACCATALYST = NO;
				SUPPORTS_MAC_DESIGNED_FOR_IPHONE_IPAD = NO;
				SWIFT_EMIT_LOC_STRINGS = YES;
				SWIFT_VERSION = 5.0;
				TARGETED_DEVICE_FAMILY = 1;
			};
			name = Debug;
		};
		53D273342977D211001718BD /* Release */ = {
			isa = XCBuildConfiguration;
			buildSettings = {
				ASSETCATALOG_COMPILER_APPICON_NAME = AppIcon;
				ASSETCATALOG_COMPILER_GLOBAL_ACCENT_COLOR_NAME = AccentColor;
				CODE_SIGN_STYLE = Automatic;
				CURRENT_PROJECT_VERSION = 1;
				DEVELOPMENT_TEAM = TPP3HP6WJ6;
				GENERATE_INFOPLIST_FILE = YES;
				INFOPLIST_FILE = "CRM Project/Info.plist";
				INFOPLIST_KEY_UIApplicationSupportsIndirectInputEvents = YES;
				INFOPLIST_KEY_UIMainStoryboardFile = "";
				INFOPLIST_KEY_UISupportedInterfaceOrientations_iPad = "UIInterfaceOrientationPortrait UIInterfaceOrientationPortraitUpsideDown UIInterfaceOrientationLandscapeLeft UIInterfaceOrientationLandscapeRight";
				INFOPLIST_KEY_UISupportedInterfaceOrientations_iPhone = "UIInterfaceOrientationPortrait UIInterfaceOrientationLandscapeLeft UIInterfaceOrientationLandscapeRight";
				LD_RUNPATH_SEARCH_PATHS = (
					"$(inherited)",
					"@executable_path/Frameworks",
				);
				MARKETING_VERSION = 1.0;
				PRODUCT_BUNDLE_IDENTIFIER = "guhan.CRM-Project";
				PRODUCT_NAME = "$(TARGET_NAME)";
				SUPPORTED_PLATFORMS = "iphoneos iphonesimulator";
				SUPPORTS_MACCATALYST = NO;
				SUPPORTS_MAC_DESIGNED_FOR_IPHONE_IPAD = NO;
				SWIFT_EMIT_LOC_STRINGS = YES;
				SWIFT_VERSION = 5.0;
				TARGETED_DEVICE_FAMILY = 1;
			};
			name = Release;
		};
/* End XCBuildConfiguration section */

/* Begin XCConfigurationList section */
		53D273192977D20F001718BD /* Build configuration list for PBXProject "CRM Project" */ = {
			isa = XCConfigurationList;
			buildConfigurations = (
				53D273302977D211001718BD /* Debug */,
				53D273312977D211001718BD /* Release */,
			);
			defaultConfigurationIsVisible = 0;
			defaultConfigurationName = Release;
		};
		53D273322977D211001718BD /* Build configuration list for PBXNativeTarget "CRM Project" */ = {
			isa = XCConfigurationList;
			buildConfigurations = (
				53D273332977D211001718BD /* Debug */,
				53D273342977D211001718BD /* Release */,
			);
			defaultConfigurationIsVisible = 0;
			defaultConfigurationName = Release;
		};
/* End XCConfigurationList section */
	};
	rootObject = 53D273162977D20F001718BD /* Project object */;
}
